// !$*UTF8*$!
{
	archiveVersion = 1;
	classes = {
	};
	objectVersion = 56;
	objects = {

/* Begin PBXBuildFile section */
		E437E3892AAF0460007EF65D /* AppDelegate.swift in Sources */ = {isa = PBXBuildFile; fileRef = E437E3882AAF0460007EF65D /* AppDelegate.swift */; };
		E437E38B2AAF0460007EF65D /* SceneDelegate.swift in Sources */ = {isa = PBXBuildFile; fileRef = E437E38A2AAF0460007EF65D /* SceneDelegate.swift */; };
		E437E3902AAF0460007EF65D /* Main.storyboard in Resources */ = {isa = PBXBuildFile; fileRef = E437E38E2AAF0460007EF65D /* Main.storyboard */; };
		E437E3922AAF0461007EF65D /* Assets.xcassets in Resources */ = {isa = PBXBuildFile; fileRef = E437E3912AAF0461007EF65D /* Assets.xcassets */; };
		E437E3952AAF0461007EF65D /* LaunchScreen.storyboard in Resources */ = {isa = PBXBuildFile; fileRef = E437E3932AAF0461007EF65D /* LaunchScreen.storyboard */; };
		E437E39D2AAF171A007EF65D /* FeedTableViewController.swift in Sources */ = {isa = PBXBuildFile; fileRef = E437E39C2AAF171A007EF65D /* FeedTableViewController.swift */; };
		E437E39F2AAF2398007EF65D /* FeedImageViewModel+PrototypeData.swift in Sources */ = {isa = PBXBuildFile; fileRef = E437E39E2AAF2398007EF65D /* FeedImageViewModel+PrototypeData.swift */; };
		E437E3A12AAF27AF007EF65D /* FeedImageTableViewCell.swift in Sources */ = {isa = PBXBuildFile; fileRef = E437E3A02AAF27AF007EF65D /* FeedImageTableViewCell.swift */; };
/* End PBXBuildFile section */

/* Begin PBXFileReference section */
		E437E3852AAF0460007EF65D /* PrototypeJorge.app */ = {isa = PBXFileReference; explicitFileType = wrapper.application; includeInIndex = 0; path = PrototypeJorge.app; sourceTree = BUILT_PRODUCTS_DIR; };
		E437E3882AAF0460007EF65D /* AppDelegate.swift */ = {isa = PBXFileReference; lastKnownFileType = sourcecode.swift; path = AppDelegate.swift; sourceTree = "<group>"; };
		E437E38A2AAF0460007EF65D /* SceneDelegate.swift */ = {isa = PBXFileReference; lastKnownFileType = sourcecode.swift; path = SceneDelegate.swift; sourceTree = "<group>"; };
		E437E38F2AAF0460007EF65D /* Base */ = {isa = PBXFileReference; lastKnownFileType = file.storyboard; name = Base; path = Base.lproj/Main.storyboard; sourceTree = "<group>"; };
		E437E3912AAF0461007EF65D /* Assets.xcassets */ = {isa = PBXFileReference; lastKnownFileType = folder.assetcatalog; path = Assets.xcassets; sourceTree = "<group>"; };
		E437E3942AAF0461007EF65D /* Base */ = {isa = PBXFileReference; lastKnownFileType = file.storyboard; name = Base; path = Base.lproj/LaunchScreen.storyboard; sourceTree = "<group>"; };
		E437E3962AAF0461007EF65D /* Info.plist */ = {isa = PBXFileReference; lastKnownFileType = text.plist.xml; path = Info.plist; sourceTree = "<group>"; };
		E437E39C2AAF171A007EF65D /* FeedTableViewController.swift */ = {isa = PBXFileReference; lastKnownFileType = sourcecode.swift; path = FeedTableViewController.swift; sourceTree = "<group>"; };
		E437E39E2AAF2398007EF65D /* FeedImageViewModel+PrototypeData.swift */ = {isa = PBXFileReference; lastKnownFileType = sourcecode.swift; path = "FeedImageViewModel+PrototypeData.swift"; sourceTree = "<group>"; };
		E437E3A02AAF27AF007EF65D /* FeedImageTableViewCell.swift */ = {isa = PBXFileReference; lastKnownFileType = sourcecode.swift; path = FeedImageTableViewCell.swift; sourceTree = "<group>"; };
/* End PBXFileReference section */

/* Begin PBXFrameworksBuildPhase section */
		E437E3822AAF0460007EF65D /* Frameworks */ = {
			isa = PBXFrameworksBuildPhase;
			buildActionMask = 2147483647;
			files = (
			);
			runOnlyForDeploymentPostprocessing = 0;
		};
/* End PBXFrameworksBuildPhase section */

/* Begin PBXGroup section */
		E437E37C2AAF0460007EF65D = {
			isa = PBXGroup;
			children = (
				E437E3872AAF0460007EF65D /* PrototypeJorge */,
				E437E3862AAF0460007EF65D /* Products */,
			);
			sourceTree = "<group>";
		};
		E437E3862AAF0460007EF65D /* Products */ = {
			isa = PBXGroup;
			children = (
				E437E3852AAF0460007EF65D /* PrototypeJorge.app */,
			);
			name = Products;
			sourceTree = "<group>";
		};
		E437E3872AAF0460007EF65D /* PrototypeJorge */ = {
			isa = PBXGroup;
			children = (
				E437E3882AAF0460007EF65D /* AppDelegate.swift */,
				E437E38A2AAF0460007EF65D /* SceneDelegate.swift */,
				E437E38E2AAF0460007EF65D /* Main.storyboard */,
				E437E39C2AAF171A007EF65D /* FeedTableViewController.swift */,
				E437E3A02AAF27AF007EF65D /* FeedImageTableViewCell.swift */,
				E437E39E2AAF2398007EF65D /* FeedImageViewModel+PrototypeData.swift */,
				E437E3912AAF0461007EF65D /* Assets.xcassets */,
				E437E3932AAF0461007EF65D /* LaunchScreen.storyboard */,
				E437E3962AAF0461007EF65D /* Info.plist */,
			);
			path = PrototypeJorge;
			sourceTree = "<group>";
		};
/* End PBXGroup section */

/* Begin PBXNativeTarget section */
		E437E3842AAF0460007EF65D /* PrototypeJorge */ = {
			isa = PBXNativeTarget;
			buildConfigurationList = E437E3992AAF0461007EF65D /* Build configuration list for PBXNativeTarget "PrototypeJorge" */;
			buildPhases = (
				E437E3812AAF0460007EF65D /* Sources */,
				E437E3822AAF0460007EF65D /* Frameworks */,
				E437E3832AAF0460007EF65D /* Resources */,
			);
			buildRules = (
			);
			dependencies = (
			);
			name = PrototypeJorge;
			productName = PrototypeJorge;
			productReference = E437E3852AAF0460007EF65D /* PrototypeJorge.app */;
			productType = "com.apple.product-type.application";
		};
/* End PBXNativeTarget section */

/* Begin PBXProject section */
		E437E37D2AAF0460007EF65D /* Project object */ = {
			isa = PBXProject;
			attributes = {
				BuildIndependentTargetsInParallel = 1;
				LastSwiftUpdateCheck = 1430;
				LastUpgradeCheck = 1430;
				TargetAttributes = {
					E437E3842AAF0460007EF65D = {
						CreatedOnToolsVersion = 14.3.1;
					};
				};
			};
			buildConfigurationList = E437E3802AAF0460007EF65D /* Build configuration list for PBXProject "PrototypeJorge" */;
			compatibilityVersion = "Xcode 14.0";
			developmentRegion = en;
			hasScannedForEncodings = 0;
			knownRegions = (
				en,
				Base,
			);
			mainGroup = E437E37C2AAF0460007EF65D;
			productRefGroup = E437E3862AAF0460007EF65D /* Products */;
			projectDirPath = "";
			projectRoot = "";
			targets = (
				E437E3842AAF0460007EF65D /* PrototypeJorge */,
			);
		};
/* End PBXProject section */

/* Begin PBXResourcesBuildPhase section */
		E437E3832AAF0460007EF65D /* Resources */ = {
			isa = PBXResourcesBuildPhase;
			buildActionMask = 2147483647;
			files = (
				E437E3952AAF0461007EF65D /* LaunchScreen.storyboard in Resources */,
				E437E3922AAF0461007EF65D /* Assets.xcassets in Resources */,
				E437E3902AAF0460007EF65D /* Main.storyboard in Resources */,
			);
			runOnlyForDeploymentPostprocessing = 0;
		};
/* End PBXResourcesBuildPhase section */

/* Begin PBXSourcesBuildPhase section */
		E437E3812AAF0460007EF65D /* Sources */ = {
			isa = PBXSourcesBuildPhase;
			buildActionMask = 2147483647;
			files = (
				E437E3892AAF0460007EF65D /* AppDelegate.swift in Sources */,
				E437E39D2AAF171A007EF65D /* FeedTableViewController.swift in Sources */,
				E437E38B2AAF0460007EF65D /* SceneDelegate.swift in Sources */,
				E437E39F2AAF2398007EF65D /* FeedImageViewModel+PrototypeData.swift in Sources */,
				E437E3A12AAF27AF007EF65D /* FeedImageTableViewCell.swift in Sources */,
			);
			runOnlyForDeploymentPostprocessing = 0;
		};
/* End PBXSourcesBuildPhase section */

/* Begin PBXVariantGroup section */
		E437E38E2AAF0460007EF65D /* Main.storyboard */ = {
			isa = PBXVariantGroup;
			children = (
				E437E38F2AAF0460007EF65D /* Base */,
			);
			name = Main.storyboard;
			sourceTree = "<group>";
		};
		E437E3932AAF0461007EF65D /* LaunchScreen.storyboard */ = {
			isa = PBXVariantGroup;
			children = (
				E437E3942AAF0461007EF65D /* Base */,
			);
			name = LaunchScreen.storyboard;
			sourceTree = "<group>";
		};
/* End PBXVariantGroup section */

/* Begin XCBuildConfiguration section */
		E437E3972AAF0461007EF65D /* Debug */ = {
			isa = XCBuildConfiguration;
			buildSettings = {
				ALWAYS_SEARCH_USER_PATHS = NO;
				CLANG_ANALYZER_NONNULL = YES;
				CLANG_ANALYZER_NUMBER_OBJECT_CONVERSION = YES_AGGRESSIVE;
				CLANG_CXX_LANGUAGE_STANDARD = "gnu++20";
				CLANG_ENABLE_MODULES = YES;
				CLANG_ENABLE_OBJC_ARC = YES;
				CLANG_ENABLE_OBJC_WEAK = YES;
				CLANG_WARN_BLOCK_CAPTURE_AUTORELEASING = YES;
				CLANG_WARN_BOOL_CONVERSION = YES;
				CLANG_WARN_COMMA = YES;
				CLANG_WARN_CONSTANT_CONVERSION = YES;
				CLANG_WARN_DEPRECATED_OBJC_IMPLEMENTATIONS = YES;
				CLANG_WARN_DIRECT_OBJC_ISA_USAGE = YES_ERROR;
				CLANG_WARN_DOCUMENTATION_COMMENTS = YES;
				CLANG_WARN_EMPTY_BODY = YES;
				CLANG_WARN_ENUM_CONVERSION = YES;
				CLANG_WARN_INFINITE_RECURSION = YES;
				CLANG_WARN_INT_CONVERSION = YES;
				CLANG_WARN_NON_LITERAL_NULL_CONVERSION = YES;
				CLANG_WARN_OBJC_IMPLICIT_RETAIN_SELF = YES;
				CLANG_WARN_OBJC_LITERAL_CONVERSION = YES;
				CLANG_WARN_OBJC_ROOT_CLASS = YES_ERROR;
				CLANG_WARN_QUOTED_INCLUDE_IN_FRAMEWORK_HEADER = YES;
				CLANG_WARN_RANGE_LOOP_ANALYSIS = YES;
				CLANG_WARN_STRICT_PROTOTYPES = YES;
				CLANG_WARN_SUSPICIOUS_MOVE = YES;
				CLANG_WARN_UNGUARDED_AVAILABILITY = YES_AGGRESSIVE;
				CLANG_WARN_UNREACHABLE_CODE = YES;
				CLANG_WARN__DUPLICATE_METHOD_MATCH = YES;
				COPY_PHASE_STRIP = NO;
				DEBUG_INFORMATION_FORMAT = dwarf;
				ENABLE_STRICT_OBJC_MSGSEND = YES;
				ENABLE_TESTABILITY = YES;
				GCC_C_LANGUAGE_STANDARD = gnu11;
				GCC_DYNAMIC_NO_PIC = NO;
				GCC_NO_COMMON_BLOCKS = YES;
				GCC_OPTIMIZATION_LEVEL = 0;
				GCC_PREPROCESSOR_DEFINITIONS = (
					"DEBUG=1",
					"$(inherited)",
				);
				GCC_WARN_64_TO_32_BIT_CONVERSION = YES;
				GCC_WARN_ABOUT_RETURN_TYPE = YES_ERROR;
				GCC_WARN_UNDECLARED_SELECTOR = YES;
				GCC_WARN_UNINITIALIZED_AUTOS = YES_AGGRESSIVE;
				GCC_WARN_UNUSED_FUNCTION = YES;
				GCC_WARN_UNUSED_VARIABLE = YES;
				IPHONEOS_DEPLOYMENT_TARGET = 16.4;
				MTL_ENABLE_DEBUG_INFO = INCLUDE_SOURCE;
				MTL_FAST_MATH = YES;
				ONLY_ACTIVE_ARCH = YES;
				SDKROOT = iphoneos;
				SWIFT_ACTIVE_COMPILATION_CONDITIONS = DEBUG;
				SWIFT_OPTIMIZATION_LEVEL = "-Onone";
			};
			name = Debug;
		};
		E437E3982AAF0461007EF65D /* Release */ = {
			isa = XCBuildConfiguration;
			buildSettings = {
				ALWAYS_SEARCH_USER_PATHS = NO;
				CLANG_ANALYZER_NONNULL = YES;
				CLANG_ANALYZER_NUMBER_OBJECT_CONVERSION = YES_AGGRESSIVE;
				CLANG_CXX_LANGUAGE_STANDARD = "gnu++20";
				CLANG_ENABLE_MODULES = YES;
				CLANG_ENABLE_OBJC_ARC = YES;
				CLANG_ENABLE_OBJC_WEAK = YES;
				CLANG_WARN_BLOCK_CAPTURE_AUTORELEASING = YES;
				CLANG_WARN_BOOL_CONVERSION = YES;
				CLANG_WARN_COMMA = YES;
				CLANG_WARN_CONSTANT_CONVERSION = YES;
				CLANG_WARN_DEPRECATED_OBJC_IMPLEMENTATIONS = YES;
				CLANG_WARN_DIRECT_OBJC_ISA_USAGE = YES_ERROR;
				CLANG_WARN_DOCUMENTATION_COMMENTS = YES;
				CLANG_WARN_EMPTY_BODY = YES;
				CLANG_WARN_ENUM_CONVERSION = YES;
				CLANG_WARN_INFINITE_RECURSION = YES;
				CLANG_WARN_INT_CONVERSION = YES;
				CLANG_WARN_NON_LITERAL_NULL_CONVERSION = YES;
				CLANG_WARN_OBJC_IMPLICIT_RETAIN_SELF = YES;
				CLANG_WARN_OBJC_LITERAL_CONVERSION = YES;
				CLANG_WARN_OBJC_ROOT_CLASS = YES_ERROR;
				CLANG_WARN_QUOTED_INCLUDE_IN_FRAMEWORK_HEADER = YES;
				CLANG_WARN_RANGE_LOOP_ANALYSIS = YES;
				CLANG_WARN_STRICT_PROTOTYPES = YES;
				CLANG_WARN_SUSPICIOUS_MOVE = YES;
				CLANG_WARN_UNGUARDED_AVAILABILITY = YES_AGGRESSIVE;
				CLANG_WARN_UNREACHABLE_CODE = YES;
				CLANG_WARN__DUPLICATE_METHOD_MATCH = YES;
				COPY_PHASE_STRIP = NO;
				DEBUG_INFORMATION_FORMAT = "dwarf-with-dsym";
				ENABLE_NS_ASSERTIONS = NO;
				ENABLE_STRICT_OBJC_MSGSEND = YES;
				GCC_C_LANGUAGE_STANDARD = gnu11;
				GCC_NO_COMMON_BLOCKS = YES;
				GCC_WARN_64_TO_32_BIT_CONVERSION = YES;
				GCC_WARN_ABOUT_RETURN_TYPE = YES_ERROR;
				GCC_WARN_UNDECLARED_SELECTOR = YES;
				GCC_WARN_UNINITIALIZED_AUTOS = YES_AGGRESSIVE;
				GCC_WARN_UNUSED_FUNCTION = YES;
				GCC_WARN_UNUSED_VARIABLE = YES;
				IPHONEOS_DEPLOYMENT_TARGET = 16.4;
				MTL_ENABLE_DEBUG_INFO = NO;
				MTL_FAST_MATH = YES;
				SDKROOT = iphoneos;
				SWIFT_COMPILATION_MODE = wholemodule;
				SWIFT_OPTIMIZATION_LEVEL = "-O";
				VALIDATE_PRODUCT = YES;
			};
			name = Release;
		};
		E437E39A2AAF0461007EF65D /* Debug */ = {
			isa = XCBuildConfiguration;
			buildSettings = {
				ASSETCATALOG_COMPILER_APPICON_NAME = AppIcon;
				ASSETCATALOG_COMPILER_GLOBAL_ACCENT_COLOR_NAME = AccentColor;
				CODE_SIGN_STYLE = Automatic;
				CURRENT_PROJECT_VERSION = 1;
				DEVELOPMENT_TEAM = 7B98K56955;
				GENERATE_INFOPLIST_FILE = YES;
				INFOPLIST_FILE = PrototypeJorge/Info.plist;
				INFOPLIST_KEY_UIApplicationSupportsIndirectInputEvents = YES;
				INFOPLIST_KEY_UILaunchStoryboardName = LaunchScreen;
				INFOPLIST_KEY_UIMainStoryboardFile = Main;
				INFOPLIST_KEY_UISupportedInterfaceOrientations_iPad = "UIInterfaceOrientationPortrait UIInterfaceOrientationPortraitUpsideDown UIInterfaceOrientationLandscapeLeft UIInterfaceOrientationLandscapeRight";
				INFOPLIST_KEY_UISupportedInterfaceOrientations_iPhone = "UIInterfaceOrientationPortrait UIInterfaceOrientationLandscapeLeft UIInterfaceOrientationLandscapeRight";
				LD_RUNPATH_SEARCH_PATHS = (
					"$(inherited)",
					"@executable_path/Frameworks",
				);
				MARKETING_VERSION = 1.0;
				PRODUCT_BUNDLE_IDENTIFIER = jfuentescasillas.EssentialFeedJorge.PrototypeJorge;
				PRODUCT_NAME = "$(TARGET_NAME)";
				SWIFT_EMIT_LOC_STRINGS = YES;
				SWIFT_VERSION = 5.0;
				TARGETED_DEVICE_FAMILY = "1,2";
			};
			name = Debug;
		};
		E437E39B2AAF0461007EF65D /* Release */ = {
			isa = XCBuildConfiguration;
			buildSettings = {
				ASSETCATALOG_COMPILER_APPICON_NAME = AppIcon;
				ASSETCATALOG_COMPILER_GLOBAL_ACCENT_COLOR_NAME = AccentColor;
				CODE_SIGN_STYLE = Automatic;
				CURRENT_PROJECT_VERSION = 1;
				DEVELOPMENT_TEAM = 7B98K56955;
				GENERATE_INFOPLIST_FILE = YES;
				INFOPLIST_FILE = PrototypeJorge/Info.plist;
				INFOPLIST_KEY_UIApplicationSupportsIndirectInputEvents = YES;
				INFOPLIST_KEY_UILaunchStoryboardName = LaunchScreen;
				INFOPLIST_KEY_UIMainStoryboardFile = Main;
				INFOPLIST_KEY_UISupportedInterfaceOrientations_iPad = "UIInterfaceOrientationPortrait UIInterfaceOrientationPortraitUpsideDown UIInterfaceOrientationLandscapeLeft UIInterfaceOrientationLandscapeRight";
				INFOPLIST_KEY_UISupportedInterfaceOrientations_iPhone = "UIInterfaceOrientationPortrait UIInterfaceOrientationLandscapeLeft UIInterfaceOrientationLandscapeRight";
				LD_RUNPATH_SEARCH_PATHS = (
					"$(inherited)",
					"@executable_path/Frameworks",
				);
				MARKETING_VERSION = 1.0;
				PRODUCT_BUNDLE_IDENTIFIER = jfuentescasillas.EssentialFeedJorge.PrototypeJorge;
				PRODUCT_NAME = "$(TARGET_NAME)";
				SWIFT_EMIT_LOC_STRINGS = YES;
				SWIFT_VERSION = 5.0;
				TARGETED_DEVICE_FAMILY = "1,2";
			};
			name = Release;
		};
/* End XCBuildConfiguration section */

/* Begin XCConfigurationList section */
		E437E3802AAF0460007EF65D /* Build configuration list for PBXProject "PrototypeJorge" */ = {
			isa = XCConfigurationList;
			buildConfigurations = (
				E437E3972AAF0461007EF65D /* Debug */,
				E437E3982AAF0461007EF65D /* Release */,
			);
			defaultConfigurationIsVisible = 0;
			defaultConfigurationName = Release;
		};
		E437E3992AAF0461007EF65D /* Build configuration list for PBXNativeTarget "PrototypeJorge" */ = {
			isa = XCConfigurationList;
			buildConfigurations = (
				E437E39A2AAF0461007EF65D /* Debug */,
				E437E39B2AAF0461007EF65D /* Release */,
			);
			defaultConfigurationIsVisible = 0;
			defaultConfigurationName = Release;
		};
/* End XCConfigurationList section */
	};
	rootObject = E437E37D2AAF0460007EF65D /* Project object */;
}
