// !$*UTF8*$!
{
	archiveVersion = 1;
	classes = {
	};
	objectVersion = 56;
	objects = {

/* Begin PBXBuildFile section */
		E431A72F2A7A49D6007723DD /* EssentialFeedJorge.framework in Frameworks */ = {isa = PBXBuildFile; fileRef = E431A7262A7A49D6007723DD /* EssentialFeedJorge.framework */; };
		E431A7342A7A49D6007723DD /* EssentialFeedJorgeTests.swift in Sources */ = {isa = PBXBuildFile; fileRef = E431A7332A7A49D6007723DD /* EssentialFeedJorgeTests.swift */; };
		E431A7352A7A49D6007723DD /* EssentialFeedJorge.h in Headers */ = {isa = PBXBuildFile; fileRef = E431A7292A7A49D6007723DD /* EssentialFeedJorge.h */; settings = {ATTRIBUTES = (Public, ); }; };
		E431A73F2A7A49F5007723DD /* FeedItem.swift in Sources */ = {isa = PBXBuildFile; fileRef = E431A73E2A7A49F5007723DD /* FeedItem.swift */; };
		E431A7412A7A4A93007723DD /* FeedLoader.swift in Sources */ = {isa = PBXBuildFile; fileRef = E431A7402A7A4A93007723DD /* FeedLoader.swift */; };
/* End PBXBuildFile section */

/* Begin PBXContainerItemProxy section */
		E431A7302A7A49D6007723DD /* PBXContainerItemProxy */ = {
			isa = PBXContainerItemProxy;
			containerPortal = E431A71D2A7A49D6007723DD /* Project object */;
			proxyType = 1;
			remoteGlobalIDString = E431A7252A7A49D6007723DD;
			remoteInfo = EssentialFeedJorge;
		};
/* End PBXContainerItemProxy section */

/* Begin PBXFileReference section */
		E431A7262A7A49D6007723DD /* EssentialFeedJorge.framework */ = {isa = PBXFileReference; explicitFileType = wrapper.framework; includeInIndex = 0; path = EssentialFeedJorge.framework; sourceTree = BUILT_PRODUCTS_DIR; };
		E431A7292A7A49D6007723DD /* EssentialFeedJorge.h */ = {isa = PBXFileReference; lastKnownFileType = sourcecode.c.h; path = EssentialFeedJorge.h; sourceTree = "<group>"; };
		E431A72E2A7A49D6007723DD /* EssentialFeedJorgeTests.xctest */ = {isa = PBXFileReference; explicitFileType = wrapper.cfbundle; includeInIndex = 0; path = EssentialFeedJorgeTests.xctest; sourceTree = BUILT_PRODUCTS_DIR; };
		E431A7332A7A49D6007723DD /* EssentialFeedJorgeTests.swift */ = {isa = PBXFileReference; lastKnownFileType = sourcecode.swift; path = EssentialFeedJorgeTests.swift; sourceTree = "<group>"; };
		E431A73E2A7A49F5007723DD /* FeedItem.swift */ = {isa = PBXFileReference; lastKnownFileType = sourcecode.swift; path = FeedItem.swift; sourceTree = "<group>"; };
		E431A7402A7A4A93007723DD /* FeedLoader.swift */ = {isa = PBXFileReference; lastKnownFileType = sourcecode.swift; path = FeedLoader.swift; sourceTree = "<group>"; };
/* End PBXFileReference section */

/* Begin PBXFrameworksBuildPhase section */
		E431A7232A7A49D6007723DD /* Frameworks */ = {
			isa = PBXFrameworksBuildPhase;
			buildActionMask = 2147483647;
			files = (
			);
			runOnlyForDeploymentPostprocessing = 0;
		};
		E431A72B2A7A49D6007723DD /* Frameworks */ = {
			isa = PBXFrameworksBuildPhase;
			buildActionMask = 2147483647;
			files = (
				E431A72F2A7A49D6007723DD /* EssentialFeedJorge.framework in Frameworks */,
			);
			runOnlyForDeploymentPostprocessing = 0;
		};
/* End PBXFrameworksBuildPhase section */

/* Begin PBXGroup section */
		E431A71C2A7A49D6007723DD = {
			isa = PBXGroup;
			children = (
				E431A7282A7A49D6007723DD /* EssentialFeedJorge */,
				E431A7322A7A49D6007723DD /* EssentialFeedJorgeTests */,
				E431A7272A7A49D6007723DD /* Products */,
			);
			sourceTree = "<group>";
		};
		E431A7272A7A49D6007723DD /* Products */ = {
			isa = PBXGroup;
			children = (
				E431A7262A7A49D6007723DD /* EssentialFeedJorge.framework */,
				E431A72E2A7A49D6007723DD /* EssentialFeedJorgeTests.xctest */,
			);
			name = Products;
			sourceTree = "<group>";
		};
		E431A7282A7A49D6007723DD /* EssentialFeedJorge */ = {
			isa = PBXGroup;
			children = (
				E431A7292A7A49D6007723DD /* EssentialFeedJorge.h */,
				E431A73E2A7A49F5007723DD /* FeedItem.swift */,
				E431A7402A7A4A93007723DD /* FeedLoader.swift */,
			);
			path = EssentialFeedJorge;
			sourceTree = "<group>";
		};
		E431A7322A7A49D6007723DD /* EssentialFeedJorgeTests */ = {
			isa = PBXGroup;
			children = (
				E431A7332A7A49D6007723DD /* EssentialFeedJorgeTests.swift */,
			);
			path = EssentialFeedJorgeTests;
			sourceTree = "<group>";
		};
/* End PBXGroup section */

/* Begin PBXHeadersBuildPhase section */
		E431A7212A7A49D6007723DD /* Headers */ = {
			isa = PBXHeadersBuildPhase;
			buildActionMask = 2147483647;
			files = (
				E431A7352A7A49D6007723DD /* EssentialFeedJorge.h in Headers */,
			);
			runOnlyForDeploymentPostprocessing = 0;
		};
/* End PBXHeadersBuildPhase section */

/* Begin PBXNativeTarget section */
		E431A7252A7A49D6007723DD /* EssentialFeedJorge */ = {
			isa = PBXNativeTarget;
			buildConfigurationList = E431A7382A7A49D6007723DD /* Build configuration list for PBXNativeTarget "EssentialFeedJorge" */;
			buildPhases = (
				E431A7212A7A49D6007723DD /* Headers */,
				E431A7222A7A49D6007723DD /* Sources */,
				E431A7232A7A49D6007723DD /* Frameworks */,
				E431A7242A7A49D6007723DD /* Resources */,
			);
			buildRules = (
			);
			dependencies = (
			);
			name = EssentialFeedJorge;
			productName = EssentialFeedJorge;
			productReference = E431A7262A7A49D6007723DD /* EssentialFeedJorge.framework */;
			productType = "com.apple.product-type.framework";
		};
		E431A72D2A7A49D6007723DD /* EssentialFeedJorgeTests */ = {
			isa = PBXNativeTarget;
			buildConfigurationList = E431A73B2A7A49D6007723DD /* Build configuration list for PBXNativeTarget "EssentialFeedJorgeTests" */;
			buildPhases = (
				E431A72A2A7A49D6007723DD /* Sources */,
				E431A72B2A7A49D6007723DD /* Frameworks */,
				E431A72C2A7A49D6007723DD /* Resources */,
			);
			buildRules = (
			);
			dependencies = (
				E431A7312A7A49D6007723DD /* PBXTargetDependency */,
			);
			name = EssentialFeedJorgeTests;
			productName = EssentialFeedJorgeTests;
			productReference = E431A72E2A7A49D6007723DD /* EssentialFeedJorgeTests.xctest */;
			productType = "com.apple.product-type.bundle.unit-test";
		};
/* End PBXNativeTarget section */

/* Begin PBXProject section */
		E431A71D2A7A49D6007723DD /* Project object */ = {
			isa = PBXProject;
			attributes = {
				BuildIndependentTargetsInParallel = 1;
				LastSwiftUpdateCheck = 1430;
				LastUpgradeCheck = 1430;
				TargetAttributes = {
					E431A7252A7A49D6007723DD = {
						CreatedOnToolsVersion = 14.3.1;
						LastSwiftMigration = 1430;
					};
					E431A72D2A7A49D6007723DD = {
						CreatedOnToolsVersion = 14.3.1;
					};
				};
			};
			buildConfigurationList = E431A7202A7A49D6007723DD /* Build configuration list for PBXProject "EssentialFeedJorge" */;
			compatibilityVersion = "Xcode 14.0";
			developmentRegion = en;
			hasScannedForEncodings = 0;
			knownRegions = (
				en,
				Base,
			);
			mainGroup = E431A71C2A7A49D6007723DD;
			productRefGroup = E431A7272A7A49D6007723DD /* Products */;
			projectDirPath = "";
			projectRoot = "";
			targets = (
				E431A7252A7A49D6007723DD /* EssentialFeedJorge */,
				E431A72D2A7A49D6007723DD /* EssentialFeedJorgeTests */,
			);
		};
/* End PBXProject section */

/* Begin PBXResourcesBuildPhase section */
		E431A7242A7A49D6007723DD /* Resources */ = {
			isa = PBXResourcesBuildPhase;
			buildActionMask = 2147483647;
			files = (
			);
			runOnlyForDeploymentPostprocessing = 0;
		};
		E431A72C2A7A49D6007723DD /* Resources */ = {
			isa = PBXResourcesBuildPhase;
			buildActionMask = 2147483647;
			files = (
			);
			runOnlyForDeploymentPostprocessing = 0;
		};
/* End PBXResourcesBuildPhase section */

/* Begin PBXSourcesBuildPhase section */
		E431A7222A7A49D6007723DD /* Sources */ = {
			isa = PBXSourcesBuildPhase;
			buildActionMask = 2147483647;
			files = (
				E431A7412A7A4A93007723DD /* FeedLoader.swift in Sources */,
				E431A73F2A7A49F5007723DD /* FeedItem.swift in Sources */,
			);
			runOnlyForDeploymentPostprocessing = 0;
		};
		E431A72A2A7A49D6007723DD /* Sources */ = {
			isa = PBXSourcesBuildPhase;
			buildActionMask = 2147483647;
			files = (
				E431A7342A7A49D6007723DD /* EssentialFeedJorgeTests.swift in Sources */,
			);
			runOnlyForDeploymentPostprocessing = 0;
		};
/* End PBXSourcesBuildPhase section */

/* Begin PBXTargetDependency section */
		E431A7312A7A49D6007723DD /* PBXTargetDependency */ = {
			isa = PBXTargetDependency;
			target = E431A7252A7A49D6007723DD /* EssentialFeedJorge */;
			targetProxy = E431A7302A7A49D6007723DD /* PBXContainerItemProxy */;
		};
/* End PBXTargetDependency section */

/* Begin XCBuildConfiguration section */
		E431A7362A7A49D6007723DD /* Debug */ = {
			isa = XCBuildConfiguration;
			buildSettings = {
				ALWAYS_SEARCH_USER_PATHS = NO;
				CLANG_ANALYZER_NONNULL = YES;
				CLANG_ANALYZER_NUMBER_OBJECT_CONVERSION = YES_AGGRESSIVE;
				CLANG_CXX_LANGUAGE_STANDARD = "gnu++20";
				CLANG_ENABLE_MODULES = YES;
				CLANG_ENABLE_OBJC_ARC = YES;
				CLANG_ENABLE_OBJC_WEAK = YES;
				CLANG_WARN_BLOCK_CAPTURE_AUTORELEASING = YES;
				CLANG_WARN_BOOL_CONVERSION = YES;
				CLANG_WARN_COMMA = YES;
				CLANG_WARN_CONSTANT_CONVERSION = YES;
				CLANG_WARN_DEPRECATED_OBJC_IMPLEMENTATIONS = YES;
				CLANG_WARN_DIRECT_OBJC_ISA_USAGE = YES_ERROR;
				CLANG_WARN_DOCUMENTATION_COMMENTS = YES;
				CLANG_WARN_EMPTY_BODY = YES;
				CLANG_WARN_ENUM_CONVERSION = YES;
				CLANG_WARN_INFINITE_RECURSION = YES;
				CLANG_WARN_INT_CONVERSION = YES;
				CLANG_WARN_NON_LITERAL_NULL_CONVERSION = YES;
				CLANG_WARN_OBJC_IMPLICIT_RETAIN_SELF = YES;
				CLANG_WARN_OBJC_LITERAL_CONVERSION = YES;
				CLANG_WARN_OBJC_ROOT_CLASS = YES_ERROR;
				CLANG_WARN_QUOTED_INCLUDE_IN_FRAMEWORK_HEADER = YES;
				CLANG_WARN_RANGE_LOOP_ANALYSIS = YES;
				CLANG_WARN_STRICT_PROTOTYPES = YES;
				CLANG_WARN_SUSPICIOUS_MOVE = YES;
				CLANG_WARN_UNGUARDED_AVAILABILITY = YES_AGGRESSIVE;
				CLANG_WARN_UNREACHABLE_CODE = YES;
				CLANG_WARN__DUPLICATE_METHOD_MATCH = YES;
				COPY_PHASE_STRIP = NO;
				CURRENT_PROJECT_VERSION = 1;
				DEBUG_INFORMATION_FORMAT = dwarf;
				ENABLE_STRICT_OBJC_MSGSEND = YES;
				ENABLE_TESTABILITY = YES;
				GCC_C_LANGUAGE_STANDARD = gnu11;
				GCC_DYNAMIC_NO_PIC = NO;
				GCC_NO_COMMON_BLOCKS = YES;
				GCC_OPTIMIZATION_LEVEL = 0;
				GCC_PREPROCESSOR_DEFINITIONS = (
					"DEBUG=1",
					"$(inherited)",
				);
				GCC_WARN_64_TO_32_BIT_CONVERSION = YES;
				GCC_WARN_ABOUT_RETURN_TYPE = YES_ERROR;
				GCC_WARN_UNDECLARED_SELECTOR = YES;
				GCC_WARN_UNINITIALIZED_AUTOS = YES_AGGRESSIVE;
				GCC_WARN_UNUSED_FUNCTION = YES;
				GCC_WARN_UNUSED_VARIABLE = YES;
				MACOSX_DEPLOYMENT_TARGET = 13.3;
				MTL_ENABLE_DEBUG_INFO = INCLUDE_SOURCE;
				MTL_FAST_MATH = YES;
				ONLY_ACTIVE_ARCH = YES;
				SDKROOT = macosx;
				SWIFT_ACTIVE_COMPILATION_CONDITIONS = DEBUG;
				SWIFT_OPTIMIZATION_LEVEL = "-Onone";
				VERSIONING_SYSTEM = "apple-generic";
				VERSION_INFO_PREFIX = "";
			};
			name = Debug;
		};
		E431A7372A7A49D6007723DD /* Release */ = {
			isa = XCBuildConfiguration;
			buildSettings = {
				ALWAYS_SEARCH_USER_PATHS = NO;
				CLANG_ANALYZER_NONNULL = YES;
				CLANG_ANALYZER_NUMBER_OBJECT_CONVERSION = YES_AGGRESSIVE;
				CLANG_CXX_LANGUAGE_STANDARD = "gnu++20";
				CLANG_ENABLE_MODULES = YES;
				CLANG_ENABLE_OBJC_ARC = YES;
				CLANG_ENABLE_OBJC_WEAK = YES;
				CLANG_WARN_BLOCK_CAPTURE_AUTORELEASING = YES;
				CLANG_WARN_BOOL_CONVERSION = YES;
				CLANG_WARN_COMMA = YES;
				CLANG_WARN_CONSTANT_CONVERSION = YES;
				CLANG_WARN_DEPRECATED_OBJC_IMPLEMENTATIONS = YES;
				CLANG_WARN_DIRECT_OBJC_ISA_USAGE = YES_ERROR;
				CLANG_WARN_DOCUMENTATION_COMMENTS = YES;
				CLANG_WARN_EMPTY_BODY = YES;
				CLANG_WARN_ENUM_CONVERSION = YES;
				CLANG_WARN_INFINITE_RECURSION = YES;
				CLANG_WARN_INT_CONVERSION = YES;
				CLANG_WARN_NON_LITERAL_NULL_CONVERSION = YES;
				CLANG_WARN_OBJC_IMPLICIT_RETAIN_SELF = YES;
				CLANG_WARN_OBJC_LITERAL_CONVERSION = YES;
				CLANG_WARN_OBJC_ROOT_CLASS = YES_ERROR;
				CLANG_WARN_QUOTED_INCLUDE_IN_FRAMEWORK_HEADER = YES;
				CLANG_WARN_RANGE_LOOP_ANALYSIS = YES;
				CLANG_WARN_STRICT_PROTOTYPES = YES;
				CLANG_WARN_SUSPICIOUS_MOVE = YES;
				CLANG_WARN_UNGUARDED_AVAILABILITY = YES_AGGRESSIVE;
				CLANG_WARN_UNREACHABLE_CODE = YES;
				CLANG_WARN__DUPLICATE_METHOD_MATCH = YES;
				COPY_PHASE_STRIP = NO;
				CURRENT_PROJECT_VERSION = 1;
				DEBUG_INFORMATION_FORMAT = "dwarf-with-dsym";
				ENABLE_NS_ASSERTIONS = NO;
				ENABLE_STRICT_OBJC_MSGSEND = YES;
				GCC_C_LANGUAGE_STANDARD = gnu11;
				GCC_NO_COMMON_BLOCKS = YES;
				GCC_WARN_64_TO_32_BIT_CONVERSION = YES;
				GCC_WARN_ABOUT_RETURN_TYPE = YES_ERROR;
				GCC_WARN_UNDECLARED_SELECTOR = YES;
				GCC_WARN_UNINITIALIZED_AUTOS = YES_AGGRESSIVE;
				GCC_WARN_UNUSED_FUNCTION = YES;
				GCC_WARN_UNUSED_VARIABLE = YES;
				MACOSX_DEPLOYMENT_TARGET = 13.3;
				MTL_ENABLE_DEBUG_INFO = NO;
				MTL_FAST_MATH = YES;
				SDKROOT = macosx;
				SWIFT_COMPILATION_MODE = wholemodule;
				SWIFT_OPTIMIZATION_LEVEL = "-O";
				VERSIONING_SYSTEM = "apple-generic";
				VERSION_INFO_PREFIX = "";
			};
			name = Release;
		};
		E431A7392A7A49D6007723DD /* Debug */ = {
			isa = XCBuildConfiguration;
			buildSettings = {
				CLANG_ENABLE_MODULES = YES;
				CODE_SIGN_STYLE = Automatic;
				COMBINE_HIDPI_IMAGES = YES;
				CURRENT_PROJECT_VERSION = 1;
				DEFINES_MODULE = YES;
				DEVELOPMENT_TEAM = 7B98K56955;
				DYLIB_COMPATIBILITY_VERSION = 1;
				DYLIB_CURRENT_VERSION = 1;
				DYLIB_INSTALL_NAME_BASE = "@rpath";
				ENABLE_MODULE_VERIFIER = YES;
				GENERATE_INFOPLIST_FILE = YES;
				INFOPLIST_KEY_NSHumanReadableCopyright = "";
				INSTALL_PATH = "$(LOCAL_LIBRARY_DIR)/Frameworks";
				LD_RUNPATH_SEARCH_PATHS = (
					"$(inherited)",
					"@executable_path/../Frameworks",
					"@loader_path/Frameworks",
				);
				MARKETING_VERSION = 1.0;
				MODULE_VERIFIER_SUPPORTED_LANGUAGES = "objective-c objective-c++";
				MODULE_VERIFIER_SUPPORTED_LANGUAGE_STANDARDS = "gnu11 gnu++20";
				PRODUCT_BUNDLE_IDENTIFIER = jfuentescasillas.EssentialFeedJorge;
				PRODUCT_NAME = "$(TARGET_NAME:c99extidentifier)";
				SKIP_INSTALL = YES;
				SWIFT_EMIT_LOC_STRINGS = YES;
				SWIFT_OPTIMIZATION_LEVEL = "-Onone";
				SWIFT_VERSION = 5.0;
			};
			name = Debug;
		};
		E431A73A2A7A49D6007723DD /* Release */ = {
			isa = XCBuildConfiguration;
			buildSettings = {
				CLANG_ENABLE_MODULES = YES;
				CODE_SIGN_STYLE = Automatic;
				COMBINE_HIDPI_IMAGES = YES;
				CURRENT_PROJECT_VERSION = 1;
				DEFINES_MODULE = YES;
				DEVELOPMENT_TEAM = 7B98K56955;
				DYLIB_COMPATIBILITY_VERSION = 1;
				DYLIB_CURRENT_VERSION = 1;
				DYLIB_INSTALL_NAME_BASE = "@rpath";
				ENABLE_MODULE_VERIFIER = YES;
				GENERATE_INFOPLIST_FILE = YES;
				INFOPLIST_KEY_NSHumanReadableCopyright = "";
				INSTALL_PATH = "$(LOCAL_LIBRARY_DIR)/Frameworks";
				LD_RUNPATH_SEARCH_PATHS = (
					"$(inherited)",
					"@executable_path/../Frameworks",
					"@loader_path/Frameworks",
				);
				MARKETING_VERSION = 1.0;
				MODULE_VERIFIER_SUPPORTED_LANGUAGES = "objective-c objective-c++";
				MODULE_VERIFIER_SUPPORTED_LANGUAGE_STANDARDS = "gnu11 gnu++20";
				PRODUCT_BUNDLE_IDENTIFIER = jfuentescasillas.EssentialFeedJorge;
				PRODUCT_NAME = "$(TARGET_NAME:c99extidentifier)";
				SKIP_INSTALL = YES;
				SWIFT_EMIT_LOC_STRINGS = YES;
				SWIFT_VERSION = 5.0;
			};
			name = Release;
		};
		E431A73C2A7A49D6007723DD /* Debug */ = {
			isa = XCBuildConfiguration;
			buildSettings = {
				ALWAYS_EMBED_SWIFT_STANDARD_LIBRARIES = YES;
				CODE_SIGN_STYLE = Automatic;
				CURRENT_PROJECT_VERSION = 1;
				DEVELOPMENT_TEAM = 7B98K56955;
				GENERATE_INFOPLIST_FILE = YES;
				MARKETING_VERSION = 1.0;
				PRODUCT_BUNDLE_IDENTIFIER = jfuentescasillas.EssentialFeedJorgeTests;
				PRODUCT_NAME = "$(TARGET_NAME)";
				SWIFT_EMIT_LOC_STRINGS = NO;
				SWIFT_VERSION = 5.0;
			};
			name = Debug;
		};
		E431A73D2A7A49D6007723DD /* Release */ = {
			isa = XCBuildConfiguration;
			buildSettings = {
				ALWAYS_EMBED_SWIFT_STANDARD_LIBRARIES = YES;
				CODE_SIGN_STYLE = Automatic;
				CURRENT_PROJECT_VERSION = 1;
				DEVELOPMENT_TEAM = 7B98K56955;
				GENERATE_INFOPLIST_FILE = YES;
				MARKETING_VERSION = 1.0;
				PRODUCT_BUNDLE_IDENTIFIER = jfuentescasillas.EssentialFeedJorgeTests;
				PRODUCT_NAME = "$(TARGET_NAME)";
				SWIFT_EMIT_LOC_STRINGS = NO;
				SWIFT_VERSION = 5.0;
			};
			name = Release;
		};
/* End XCBuildConfiguration section */

/* Begin XCConfigurationList section */
		E431A7202A7A49D6007723DD /* Build configuration list for PBXProject "EssentialFeedJorge" */ = {
			isa = XCConfigurationList;
			buildConfigurations = (
				E431A7362A7A49D6007723DD /* Debug */,
				E431A7372A7A49D6007723DD /* Release */,
			);
			defaultConfigurationIsVisible = 0;
			defaultConfigurationName = Release;
		};
		E431A7382A7A49D6007723DD /* Build configuration list for PBXNativeTarget "EssentialFeedJorge" */ = {
			isa = XCConfigurationList;
			buildConfigurations = (
				E431A7392A7A49D6007723DD /* Debug */,
				E431A73A2A7A49D6007723DD /* Release */,
			);
			defaultConfigurationIsVisible = 0;
			defaultConfigurationName = Release;
		};
		E431A73B2A7A49D6007723DD /* Build configuration list for PBXNativeTarget "EssentialFeedJorgeTests" */ = {
			isa = XCConfigurationList;
			buildConfigurations = (
				E431A73C2A7A49D6007723DD /* Debug */,
				E431A73D2A7A49D6007723DD /* Release */,
			);
			defaultConfigurationIsVisible = 0;
			defaultConfigurationName = Release;
		};
/* End XCConfigurationList section */
	};
	rootObject = E431A71D2A7A49D6007723DD /* Project object */;
}
