// !$*UTF8*$!
{
	archiveVersion = 1;
	classes = {
	};
	objectVersion = 56;
	objects = {

/* Begin PBXBuildFile section */
		E40022082ABB249800D9C2EC /* UIButton+TestHelpers.swift in Sources */ = {isa = PBXBuildFile; fileRef = E40021FC2ABB249800D9C2EC /* UIButton+TestHelpers.swift */; };
		E40022092ABB249800D9C2EC /* FeedImageCell+TestHelpers.swift in Sources */ = {isa = PBXBuildFile; fileRef = E40021FD2ABB249800D9C2EC /* FeedImageCell+TestHelpers.swift */; };
		E400220A2ABB249800D9C2EC /* FeedViewControllerTests+LoaderSpy.swift in Sources */ = {isa = PBXBuildFile; fileRef = E40021FE2ABB249800D9C2EC /* FeedViewControllerTests+LoaderSpy.swift */; };
		E400220B2ABB249800D9C2EC /* UIImage+TestHelpers.swift in Sources */ = {isa = PBXBuildFile; fileRef = E40021FF2ABB249800D9C2EC /* UIImage+TestHelpers.swift */; };
		E400220C2ABB249800D9C2EC /* UIControl+TestHelpers.swift in Sources */ = {isa = PBXBuildFile; fileRef = E40022002ABB249800D9C2EC /* UIControl+TestHelpers.swift */; };
		E400220D2ABB249800D9C2EC /* FeedViewControllerTests+Assertions.swift in Sources */ = {isa = PBXBuildFile; fileRef = E40022012ABB249800D9C2EC /* FeedViewControllerTests+Assertions.swift */; };
		E400220E2ABB249800D9C2EC /* FeedViewController+TestHelpers.swift in Sources */ = {isa = PBXBuildFile; fileRef = E40022022ABB249800D9C2EC /* FeedViewController+TestHelpers.swift */; };
		E400220F2ABB249800D9C2EC /* FeedViewControllerTests+Localization.swift in Sources */ = {isa = PBXBuildFile; fileRef = E40022032ABB249800D9C2EC /* FeedViewControllerTests+Localization.swift */; };
		E40022102ABB249800D9C2EC /* UIRefreshControl+TestHelpers.swift in Sources */ = {isa = PBXBuildFile; fileRef = E40022042ABB249800D9C2EC /* UIRefreshControl+TestHelpers.swift */; };
		E40022112ABB249800D9C2EC /* FeedUIIntegrationTests.swift in Sources */ = {isa = PBXBuildFile; fileRef = E40022072ABB249800D9C2EC /* FeedUIIntegrationTests.swift */; };
		E404A20A2A9497260082F80F /* FeedCachePolicy.swift in Sources */ = {isa = PBXBuildFile; fileRef = E404A2092A9497260082F80F /* FeedCachePolicy.swift */; };
		E406874D2AB08B7200BCB67B /* EssentialFeedJorge.framework in Frameworks */ = {isa = PBXBuildFile; fileRef = E431A7262A7A49D6007723DD /* EssentialFeedJorge.framework */; platformFilter = ios; };
		E406874E2AB08B7200BCB67B /* EssentialFeedJorge.framework in Embed Frameworks */ = {isa = PBXBuildFile; fileRef = E431A7262A7A49D6007723DD /* EssentialFeedJorge.framework */; platformFilter = ios; settings = {ATTRIBUTES = (CodeSignOnCopy, RemoveHeadersOnCopy, ); }; };
		E40687522AB08CB500BCB67B /* XCTestCase+MemoryLeakTracker.swift in Sources */ = {isa = PBXBuildFile; fileRef = E462FCBB2A84D3FB00A1B9F8 /* XCTestCase+MemoryLeakTracker.swift */; };
		E40D18462AD9585B00C0CC17 /* FeedImageDataLoader.swift in Sources */ = {isa = PBXBuildFile; fileRef = E4FA2DC02AB4643E00CFE6CA /* FeedImageDataLoader.swift */; };
		E419EDD52AD5768A00CD51F0 /* ErrorView.swift in Sources */ = {isa = PBXBuildFile; fileRef = E419EDD42AD5768A00CD51F0 /* ErrorView.swift */; };
		E419EDDA2AD5AED400CD51F0 /* UIRefreshControl+Helpers.swift in Sources */ = {isa = PBXBuildFile; fileRef = E419EDD92AD5AED400CD51F0 /* UIRefreshControl+Helpers.swift */; };
		E4209EB32A7B9D70009D6000 /* RemoteFeedLoader.swift in Sources */ = {isa = PBXBuildFile; fileRef = E4209EB22A7B9D70009D6000 /* RemoteFeedLoader.swift */; };
		E4242E0A2AB0A81100785984 /* FeedViewController.swift in Sources */ = {isa = PBXBuildFile; fileRef = E4242E092AB0A81100785984 /* FeedViewController.swift */; };
		E42B04332A98D1D7006139EB /* FeedStoreSpecsProtocols.swift in Sources */ = {isa = PBXBuildFile; fileRef = E42B04322A98D172006139EB /* FeedStoreSpecsProtocols.swift */; };
		E42B04352A98D3E9006139EB /* XCTestCase+FeedStoreSpecsProtocolsHelpers.swift in Sources */ = {isa = PBXBuildFile; fileRef = E42B04342A98D3E9006139EB /* XCTestCase+FeedStoreSpecsProtocolsHelpers.swift */; };
		E42F7CB72A8F597C007BEE78 /* LoadFeedFromCacheUseCaseTests.swift in Sources */ = {isa = PBXBuildFile; fileRef = E42F7CB62A8F597C007BEE78 /* LoadFeedFromCacheUseCaseTests.swift */; };
		E42F7CBA2A8F5BD1007BEE78 /* FeedStoreSpy.swift in Sources */ = {isa = PBXBuildFile; fileRef = E42F7CB92A8F5BD1007BEE78 /* FeedStoreSpy.swift */; };
		E431A72F2A7A49D6007723DD /* EssentialFeedJorge.framework in Frameworks */ = {isa = PBXBuildFile; fileRef = E431A7262A7A49D6007723DD /* EssentialFeedJorge.framework */; };
		E431A7352A7A49D6007723DD /* EssentialFeedJorge.h in Headers */ = {isa = PBXBuildFile; fileRef = E431A7292A7A49D6007723DD /* EssentialFeedJorge.h */; settings = {ATTRIBUTES = (Public, ); }; };
		E431A73F2A7A49F5007723DD /* FeedImage.swift in Sources */ = {isa = PBXBuildFile; fileRef = E431A73E2A7A49F5007723DD /* FeedImage.swift */; };
		E431A7412A7A4A93007723DD /* FeedLoader.swift in Sources */ = {isa = PBXBuildFile; fileRef = E431A7402A7A4A93007723DD /* FeedLoader.swift */; };
		E431A7462A7A68C8007723DD /* LoadFeedFromRemoteUseCaseTests.swift in Sources */ = {isa = PBXBuildFile; fileRef = E431A7452A7A68C8007723DD /* LoadFeedFromRemoteUseCaseTests.swift */; };
		E442DBE72A9DDDC3001AA1E7 /* EssentialFeedJorgeCacheIntegrationTests.swift in Sources */ = {isa = PBXBuildFile; fileRef = E442DBE62A9DDDC3001AA1E7 /* EssentialFeedJorgeCacheIntegrationTests.swift */; };
		E442DBE82A9DDDC3001AA1E7 /* EssentialFeedJorge.framework in Frameworks */ = {isa = PBXBuildFile; fileRef = E431A7262A7A49D6007723DD /* EssentialFeedJorge.framework */; };
		E442DBEF2A9DE23B001AA1E7 /* XCTestCase+MemoryLeakTracker.swift in Sources */ = {isa = PBXBuildFile; fileRef = E462FCBB2A84D3FB00A1B9F8 /* XCTestCase+MemoryLeakTracker.swift */; };
		E45079C62A9CAC930066A313 /* FeedStore.xcdatamodeld in Sources */ = {isa = PBXBuildFile; fileRef = E45079C42A9CAC930066A313 /* FeedStore.xcdatamodeld */; };
		E45079CB2A9CCE2C0066A313 /* CoreDataHelpers.swift in Sources */ = {isa = PBXBuildFile; fileRef = E45079CA2A9CCE2C0066A313 /* CoreDataHelpers.swift */; };
		E45079CD2A9CCF4D0066A313 /* ManagedCache.swift in Sources */ = {isa = PBXBuildFile; fileRef = E45079CC2A9CCF4D0066A313 /* ManagedCache.swift */; };
		E45079CF2A9CCF940066A313 /* ManagedFeedImage.swift in Sources */ = {isa = PBXBuildFile; fileRef = E45079CE2A9CCF940066A313 /* ManagedFeedImage.swift */; };
		E45EA4F92A8E140B00518AAF /* LocalFeedLoader.swift in Sources */ = {isa = PBXBuildFile; fileRef = E45EA4F82A8E140B00518AAF /* LocalFeedLoader.swift */; };
		E462FCBC2A84D3FB00A1B9F8 /* XCTestCase+MemoryLeakTracker.swift in Sources */ = {isa = PBXBuildFile; fileRef = E462FCBB2A84D3FB00A1B9F8 /* XCTestCase+MemoryLeakTracker.swift */; };
		E468333B2B03D12900F097E7 /* LoadFeedImageDataFromCacheUseCaseTests.swift in Sources */ = {isa = PBXBuildFile; fileRef = E468333A2B03D12900F097E7 /* LoadFeedImageDataFromCacheUseCaseTests.swift */; };
		E46856FA2A8CED2A0040C5F5 /* CacheFeedUseCaseTests.swift in Sources */ = {isa = PBXBuildFile; fileRef = E46856F92A8CED2A0040C5F5 /* CacheFeedUseCaseTests.swift */; };
		E471C5892A83813300148917 /* URLSessionHTTPClientTests.swift in Sources */ = {isa = PBXBuildFile; fileRef = E471C5882A83813300148917 /* URLSessionHTTPClientTests.swift */; };
		E48221A72B04AF3B007043DA /* FeedImageDataStore.swift in Sources */ = {isa = PBXBuildFile; fileRef = E48221A62B04AF3B007043DA /* FeedImageDataStore.swift */; };
		E48221A92B04AF7A007043DA /* LocalFeedImageDataLoader.swift in Sources */ = {isa = PBXBuildFile; fileRef = E48221A82B04AF7A007043DA /* LocalFeedImageDataLoader.swift */; };
		E48221AB2B04D1C2007043DA /* FeedImageDataStoreSpy.swift in Sources */ = {isa = PBXBuildFile; fileRef = E48221AA2B04D1C2007043DA /* FeedImageDataStoreSpy.swift */; };
		E48221AD2B04D4BE007043DA /* CacheFeedImageDataUseCaseTests.swift in Sources */ = {isa = PBXBuildFile; fileRef = E48221AC2B04D4BE007043DA /* CacheFeedImageDataUseCaseTests.swift */; };
		E48221AF2B051AC0007043DA /* CoreDataFeedImageDataStoreTests.swift in Sources */ = {isa = PBXBuildFile; fileRef = E48221AE2B051AC0007043DA /* CoreDataFeedImageDataStoreTests.swift */; };
		E48221BA2B053535007043DA /* CoreDataFeedStore+FeedImageDataLoader.swift in Sources */ = {isa = PBXBuildFile; fileRef = E48221B92B053535007043DA /* CoreDataFeedStore+FeedImageDataLoader.swift */; };
		E48221BC2B053C74007043DA /* CoreDataFeedStore+FeedStore.swift in Sources */ = {isa = PBXBuildFile; fileRef = E48221BB2B053C74007043DA /* CoreDataFeedStore+FeedStore.swift */; };
		E4862A082A9388F8007C2ACD /* ValidateFeedCacheUseCaseTests.swift in Sources */ = {isa = PBXBuildFile; fileRef = E4862A072A9388F8007C2ACD /* ValidateFeedCacheUseCaseTests.swift */; };
		E4862A0A2A939022007C2ACD /* FeedCacheTestsHelpers.swift in Sources */ = {isa = PBXBuildFile; fileRef = E4862A092A939022007C2ACD /* FeedCacheTestsHelpers.swift */; };
		E4862A0C2A9391A7007C2ACD /* SharedTestsHelpers.swift in Sources */ = {isa = PBXBuildFile; fileRef = E4862A0B2A9391A7007C2ACD /* SharedTestsHelpers.swift */; };
		E490F5562AD6B57F00B17FC8 /* FeedPresenter.swift in Sources */ = {isa = PBXBuildFile; fileRef = E490F5552AD6B57F00B17FC8 /* FeedPresenter.swift */; };
		E490F5572AD6B6B000B17FC8 /* Feed.strings in Resources */ = {isa = PBXBuildFile; fileRef = E4E5B9DD2AD6B2B20083C361 /* Feed.strings */; };
		E490F5592AD6B7F100B17FC8 /* FeedViewModel.swift in Sources */ = {isa = PBXBuildFile; fileRef = E490F5582AD6B7F100B17FC8 /* FeedViewModel.swift */; };
		E490F55B2AD6B82D00B17FC8 /* FeedLoadingViewModel.swift in Sources */ = {isa = PBXBuildFile; fileRef = E490F55A2AD6B82D00B17FC8 /* FeedLoadingViewModel.swift */; };
		E490F55D2AD6B85B00B17FC8 /* FeedErrorViewModel.swift in Sources */ = {isa = PBXBuildFile; fileRef = E490F55C2AD6B85B00B17FC8 /* FeedErrorViewModel.swift */; };
		E490F55E2AD6BD3B00B17FC8 /* FeedLocalizationTests.swift in Sources */ = {isa = PBXBuildFile; fileRef = E40022182ABB5B4D00D9C2EC /* FeedLocalizationTests.swift */; };
		E490F5602AD6BF7A00B17FC8 /* FeedImagePresenterTests.swift in Sources */ = {isa = PBXBuildFile; fileRef = E490F55F2AD6BF7A00B17FC8 /* FeedImagePresenterTests.swift */; };
		E490F5632AD6E6B200B17FC8 /* FeedImagePresenter.swift in Sources */ = {isa = PBXBuildFile; fileRef = E490F5612AD6E61800B17FC8 /* FeedImagePresenter.swift */; };
		E490F5652AD6E83500B17FC8 /* FeedImageViewModel.swift in Sources */ = {isa = PBXBuildFile; fileRef = E490F5642AD6E83500B17FC8 /* FeedImageViewModel.swift */; };
		E49276612A8514980009E424 /* URLSessionHTTPClient.swift in Sources */ = {isa = PBXBuildFile; fileRef = E492765F2A8513DD0009E424 /* URLSessionHTTPClient.swift */; };
		E49EA9582AD44D0A00DC4251 /* FeedPresenterTests.swift in Sources */ = {isa = PBXBuildFile; fileRef = E49EA9572AD44D0A00DC4251 /* FeedPresenterTests.swift */; };
		E4A448D32A824D0F001E12FD /* HTTPClientProtocol.swift in Sources */ = {isa = PBXBuildFile; fileRef = E4A448D22A824D0F001E12FD /* HTTPClientProtocol.swift */; };
		E4A448D52A824D9C001E12FD /* FeedItemsMapper.swift in Sources */ = {isa = PBXBuildFile; fileRef = E4A448D42A824D9C001E12FD /* FeedItemsMapper.swift */; };
		E4C62C422B039622008E820C /* HTTPClientSpy.swift in Sources */ = {isa = PBXBuildFile; fileRef = E4C62C412B039622008E820C /* HTTPClientSpy.swift */; };
		E4C62C452B03C8AD008E820C /* HTTPURLResponse+StatusCode.swift in Sources */ = {isa = PBXBuildFile; fileRef = E4C62C442B03C8AD008E820C /* HTTPURLResponse+StatusCode.swift */; };
		E4C62C482B03CA93008E820C /* URLProtocolStub.swift in Sources */ = {isa = PBXBuildFile; fileRef = E4C62C472B03CA93008E820C /* URLProtocolStub.swift */; };
		E4C6536D2AB05F12007DA9F4 /* EssentialFeedJorgeiOS.framework in Frameworks */ = {isa = PBXBuildFile; fileRef = E4C653652AB05F11007DA9F4 /* EssentialFeedJorgeiOS.framework */; };
		E4CE78D72AB31CD20060E7BE /* UIView+Shimmering.swift in Sources */ = {isa = PBXBuildFile; fileRef = E4CE78D62AB31CD20060E7BE /* UIView+Shimmering.swift */; };
		E4D09A602B022BA700468576 /* RemoteFeedImageDataLoader.swift in Sources */ = {isa = PBXBuildFile; fileRef = E4D09A5F2B022BA700468576 /* RemoteFeedImageDataLoader.swift */; };
		E4D09A622B022DEC00468576 /* LoadFeedImageDataFromRemoteUseCaseTests.swift in Sources */ = {isa = PBXBuildFile; fileRef = E4D09A612B022DEC00468576 /* LoadFeedImageDataFromRemoteUseCaseTests.swift */; };
		E4D319A52ABDB32600517A44 /* MainQueueDispatchDecorator.swift in Sources */ = {isa = PBXBuildFile; fileRef = E4D319A42ABDB32600517A44 /* MainQueueDispatchDecorator.swift */; };
		E4D319A72ABDB50D00517A44 /* WeakRefVirtualProxy.swift in Sources */ = {isa = PBXBuildFile; fileRef = E4D319A62ABDB50D00517A44 /* WeakRefVirtualProxy.swift */; };
		E4D319A92ABDB63200517A44 /* FeedImageDataLoaderPresentationAdapter.swift in Sources */ = {isa = PBXBuildFile; fileRef = E4D319A82ABDB63200517A44 /* FeedImageDataLoaderPresentationAdapter.swift */; };
		E4D319AB2ABDB6AA00517A44 /* FeedLoaderPresentationAdapter.swift in Sources */ = {isa = PBXBuildFile; fileRef = E4D319AA2ABDB6AA00517A44 /* FeedLoaderPresentationAdapter.swift */; };
		E4D319AD2ABDB70800517A44 /* FeedViewAdapter.swift in Sources */ = {isa = PBXBuildFile; fileRef = E4D319AC2ABDB70800517A44 /* FeedViewAdapter.swift */; };
		E4D5E2D02AB895A4003334DB /* Feed.storyboard in Resources */ = {isa = PBXBuildFile; fileRef = E4D5E2CF2AB895A4003334DB /* Feed.storyboard */; };
		E4D5E2D22AB8967B003334DB /* Feed.xcassets in Resources */ = {isa = PBXBuildFile; fileRef = E4D5E2D12AB8967B003334DB /* Feed.xcassets */; };
		E4D5E2D42AB8A76C003334DB /* UITableView+Dequeueing.swift in Sources */ = {isa = PBXBuildFile; fileRef = E4D5E2D32AB8A76C003334DB /* UITableView+Dequeueing.swift */; };
		E4D5E2D62AB8A93A003334DB /* UIImageView+Animations.swift in Sources */ = {isa = PBXBuildFile; fileRef = E4D5E2D52AB8A93A003334DB /* UIImageView+Animations.swift */; };
		E4DA022C2A9E090A003DD3FC /* FeedCacheTestsHelpers.swift in Sources */ = {isa = PBXBuildFile; fileRef = E4862A092A939022007C2ACD /* FeedCacheTestsHelpers.swift */; };
		E4DA022D2A9E091D003DD3FC /* SharedTestsHelpers.swift in Sources */ = {isa = PBXBuildFile; fileRef = E4862A0B2A9391A7007C2ACD /* SharedTestsHelpers.swift */; };
		E4DF32EF2A8625D200A4F272 /* EssentialFeedJorgeAPIEndToEndTests.swift in Sources */ = {isa = PBXBuildFile; fileRef = E4DF32EE2A8625D200A4F272 /* EssentialFeedJorgeAPIEndToEndTests.swift */; };
		E4DF32F02A8625D200A4F272 /* EssentialFeedJorge.framework in Frameworks */ = {isa = PBXBuildFile; fileRef = E431A7262A7A49D6007723DD /* EssentialFeedJorge.framework */; };
		E4DF32F62A8639AF00A4F272 /* XCTestCase+MemoryLeakTracker.swift in Sources */ = {isa = PBXBuildFile; fileRef = E462FCBB2A84D3FB00A1B9F8 /* XCTestCase+MemoryLeakTracker.swift */; };
		E4EC076D2A8E2F6200CEAF0D /* FeedStoreProtocol.swift in Sources */ = {isa = PBXBuildFile; fileRef = E4EC076C2A8E2F6200CEAF0D /* FeedStoreProtocol.swift */; };
		E4EC076F2A8E455F00CEAF0D /* RemoteFeedItem.swift in Sources */ = {isa = PBXBuildFile; fileRef = E4EC076E2A8E455F00CEAF0D /* RemoteFeedItem.swift */; };
		E4EC07712A8E460600CEAF0D /* LocalFeedImage.swift in Sources */ = {isa = PBXBuildFile; fileRef = E4EC07702A8E460600CEAF0D /* LocalFeedImage.swift */; };
		E4EEFC262A9C8A0900924EB6 /* CoreDataFeedStoreTests.swift in Sources */ = {isa = PBXBuildFile; fileRef = E4EEFC252A9C8A0900924EB6 /* CoreDataFeedStoreTests.swift */; };
		E4EEFC292A9C907100924EB6 /* CoreDataFeedStore.swift in Sources */ = {isa = PBXBuildFile; fileRef = E4EEFC272A9C903300924EB6 /* CoreDataFeedStore.swift */; };
		E4F4CAA52AB1DECC00F522EB /* FeedImageTableViewCell.swift in Sources */ = {isa = PBXBuildFile; fileRef = E4F4CAA42AB1DECC00F522EB /* FeedImageTableViewCell.swift */; };
		E4FA2DC52AB4690900CFE6CA /* FeedImageCellController.swift in Sources */ = {isa = PBXBuildFile; fileRef = E4FA2DC42AB4690900CFE6CA /* FeedImageCellController.swift */; };
		E4FA2DC82AB46BBB00CFE6CA /* FeedUIComposer.swift in Sources */ = {isa = PBXBuildFile; fileRef = E4FA2DC72AB46BBB00CFE6CA /* FeedUIComposer.swift */; };
/* End PBXBuildFile section */

/* Begin PBXContainerItemProxy section */
		E406874F2AB08B7200BCB67B /* PBXContainerItemProxy */ = {
			isa = PBXContainerItemProxy;
			containerPortal = E431A71D2A7A49D6007723DD /* Project object */;
			proxyType = 1;
			remoteGlobalIDString = E431A7252A7A49D6007723DD;
			remoteInfo = EssentialFeedJorge;
		};
		E431A7302A7A49D6007723DD /* PBXContainerItemProxy */ = {
			isa = PBXContainerItemProxy;
			containerPortal = E431A71D2A7A49D6007723DD /* Project object */;
			proxyType = 1;
			remoteGlobalIDString = E431A7252A7A49D6007723DD;
			remoteInfo = EssentialFeedJorge;
		};
		E442DBE92A9DDDC3001AA1E7 /* PBXContainerItemProxy */ = {
			isa = PBXContainerItemProxy;
			containerPortal = E431A71D2A7A49D6007723DD /* Project object */;
			proxyType = 1;
			remoteGlobalIDString = E431A7252A7A49D6007723DD;
			remoteInfo = EssentialFeedJorge;
		};
		E4C6536E2AB05F12007DA9F4 /* PBXContainerItemProxy */ = {
			isa = PBXContainerItemProxy;
			containerPortal = E431A71D2A7A49D6007723DD /* Project object */;
			proxyType = 1;
			remoteGlobalIDString = E4C653642AB05F11007DA9F4;
			remoteInfo = EssentialFeedJorgeiOS;
		};
		E4DF32F12A8625D200A4F272 /* PBXContainerItemProxy */ = {
			isa = PBXContainerItemProxy;
			containerPortal = E431A71D2A7A49D6007723DD /* Project object */;
			proxyType = 1;
			remoteGlobalIDString = E431A7252A7A49D6007723DD;
			remoteInfo = EssentialFeedJorge;
		};
/* End PBXContainerItemProxy section */

/* Begin PBXCopyFilesBuildPhase section */
		E40687512AB08B7200BCB67B /* Embed Frameworks */ = {
			isa = PBXCopyFilesBuildPhase;
			buildActionMask = 2147483647;
			dstPath = "";
			dstSubfolderSpec = 10;
			files = (
				E406874E2AB08B7200BCB67B /* EssentialFeedJorge.framework in Embed Frameworks */,
			);
			name = "Embed Frameworks";
			runOnlyForDeploymentPostprocessing = 0;
		};
/* End PBXCopyFilesBuildPhase section */

/* Begin PBXFileReference section */
		E40021F82ABB249800D9C2EC /* EssentialFeedJorgeiOSTests-Bridging-Header.h */ = {isa = PBXFileReference; fileEncoding = 4; lastKnownFileType = sourcecode.c.h; path = "EssentialFeedJorgeiOSTests-Bridging-Header.h"; sourceTree = "<group>"; };
		E40021FC2ABB249800D9C2EC /* UIButton+TestHelpers.swift */ = {isa = PBXFileReference; fileEncoding = 4; lastKnownFileType = sourcecode.swift; path = "UIButton+TestHelpers.swift"; sourceTree = "<group>"; };
		E40021FD2ABB249800D9C2EC /* FeedImageCell+TestHelpers.swift */ = {isa = PBXFileReference; fileEncoding = 4; lastKnownFileType = sourcecode.swift; path = "FeedImageCell+TestHelpers.swift"; sourceTree = "<group>"; };
		E40021FE2ABB249800D9C2EC /* FeedViewControllerTests+LoaderSpy.swift */ = {isa = PBXFileReference; fileEncoding = 4; lastKnownFileType = sourcecode.swift; path = "FeedViewControllerTests+LoaderSpy.swift"; sourceTree = "<group>"; };
		E40021FF2ABB249800D9C2EC /* UIImage+TestHelpers.swift */ = {isa = PBXFileReference; fileEncoding = 4; lastKnownFileType = sourcecode.swift; path = "UIImage+TestHelpers.swift"; sourceTree = "<group>"; };
		E40022002ABB249800D9C2EC /* UIControl+TestHelpers.swift */ = {isa = PBXFileReference; fileEncoding = 4; lastKnownFileType = sourcecode.swift; path = "UIControl+TestHelpers.swift"; sourceTree = "<group>"; };
		E40022012ABB249800D9C2EC /* FeedViewControllerTests+Assertions.swift */ = {isa = PBXFileReference; fileEncoding = 4; lastKnownFileType = sourcecode.swift; path = "FeedViewControllerTests+Assertions.swift"; sourceTree = "<group>"; };
		E40022022ABB249800D9C2EC /* FeedViewController+TestHelpers.swift */ = {isa = PBXFileReference; fileEncoding = 4; lastKnownFileType = sourcecode.swift; path = "FeedViewController+TestHelpers.swift"; sourceTree = "<group>"; };
		E40022032ABB249800D9C2EC /* FeedViewControllerTests+Localization.swift */ = {isa = PBXFileReference; fileEncoding = 4; lastKnownFileType = sourcecode.swift; path = "FeedViewControllerTests+Localization.swift"; sourceTree = "<group>"; };
		E40022042ABB249800D9C2EC /* UIRefreshControl+TestHelpers.swift */ = {isa = PBXFileReference; fileEncoding = 4; lastKnownFileType = sourcecode.swift; path = "UIRefreshControl+TestHelpers.swift"; sourceTree = "<group>"; };
		E40022072ABB249800D9C2EC /* FeedUIIntegrationTests.swift */ = {isa = PBXFileReference; fileEncoding = 4; lastKnownFileType = sourcecode.swift; path = FeedUIIntegrationTests.swift; sourceTree = "<group>"; };
		E40022182ABB5B4D00D9C2EC /* FeedLocalizationTests.swift */ = {isa = PBXFileReference; lastKnownFileType = sourcecode.swift; path = FeedLocalizationTests.swift; sourceTree = "<group>"; };
		E404A2092A9497260082F80F /* FeedCachePolicy.swift */ = {isa = PBXFileReference; lastKnownFileType = sourcecode.swift; path = FeedCachePolicy.swift; sourceTree = "<group>"; };
		E419EDD42AD5768A00CD51F0 /* ErrorView.swift */ = {isa = PBXFileReference; lastKnownFileType = sourcecode.swift; path = ErrorView.swift; sourceTree = "<group>"; };
		E419EDD92AD5AED400CD51F0 /* UIRefreshControl+Helpers.swift */ = {isa = PBXFileReference; lastKnownFileType = sourcecode.swift; path = "UIRefreshControl+Helpers.swift"; sourceTree = "<group>"; };
		E4209EB22A7B9D70009D6000 /* RemoteFeedLoader.swift */ = {isa = PBXFileReference; lastKnownFileType = sourcecode.swift; path = RemoteFeedLoader.swift; sourceTree = "<group>"; };
		E4242E092AB0A81100785984 /* FeedViewController.swift */ = {isa = PBXFileReference; lastKnownFileType = sourcecode.swift; path = FeedViewController.swift; sourceTree = "<group>"; };
		E42B04322A98D172006139EB /* FeedStoreSpecsProtocols.swift */ = {isa = PBXFileReference; lastKnownFileType = sourcecode.swift; path = FeedStoreSpecsProtocols.swift; sourceTree = "<group>"; };
		E42B04342A98D3E9006139EB /* XCTestCase+FeedStoreSpecsProtocolsHelpers.swift */ = {isa = PBXFileReference; lastKnownFileType = sourcecode.swift; path = "XCTestCase+FeedStoreSpecsProtocolsHelpers.swift"; sourceTree = "<group>"; };
		E42F7CB62A8F597C007BEE78 /* LoadFeedFromCacheUseCaseTests.swift */ = {isa = PBXFileReference; lastKnownFileType = sourcecode.swift; path = LoadFeedFromCacheUseCaseTests.swift; sourceTree = "<group>"; };
		E42F7CB92A8F5BD1007BEE78 /* FeedStoreSpy.swift */ = {isa = PBXFileReference; lastKnownFileType = sourcecode.swift; path = FeedStoreSpy.swift; sourceTree = "<group>"; };
		E431A7262A7A49D6007723DD /* EssentialFeedJorge.framework */ = {isa = PBXFileReference; explicitFileType = wrapper.framework; includeInIndex = 0; path = EssentialFeedJorge.framework; sourceTree = BUILT_PRODUCTS_DIR; };
		E431A7292A7A49D6007723DD /* EssentialFeedJorge.h */ = {isa = PBXFileReference; lastKnownFileType = sourcecode.c.h; path = EssentialFeedJorge.h; sourceTree = "<group>"; };
		E431A72E2A7A49D6007723DD /* EssentialFeedJorgeTests.xctest */ = {isa = PBXFileReference; explicitFileType = wrapper.cfbundle; includeInIndex = 0; path = EssentialFeedJorgeTests.xctest; sourceTree = BUILT_PRODUCTS_DIR; };
		E431A73E2A7A49F5007723DD /* FeedImage.swift */ = {isa = PBXFileReference; lastKnownFileType = sourcecode.swift; path = FeedImage.swift; sourceTree = "<group>"; };
		E431A7402A7A4A93007723DD /* FeedLoader.swift */ = {isa = PBXFileReference; lastKnownFileType = sourcecode.swift; path = FeedLoader.swift; sourceTree = "<group>"; };
		E431A7452A7A68C8007723DD /* LoadFeedFromRemoteUseCaseTests.swift */ = {isa = PBXFileReference; lastKnownFileType = sourcecode.swift; path = LoadFeedFromRemoteUseCaseTests.swift; sourceTree = "<group>"; };
		E442DBE42A9DDDC3001AA1E7 /* EssentialFeedJorgeCacheIntegrationTests.xctest */ = {isa = PBXFileReference; explicitFileType = wrapper.cfbundle; includeInIndex = 0; path = EssentialFeedJorgeCacheIntegrationTests.xctest; sourceTree = BUILT_PRODUCTS_DIR; };
		E442DBE62A9DDDC3001AA1E7 /* EssentialFeedJorgeCacheIntegrationTests.swift */ = {isa = PBXFileReference; lastKnownFileType = sourcecode.swift; path = EssentialFeedJorgeCacheIntegrationTests.swift; sourceTree = "<group>"; };
		E442DBEE2A9DDED5001AA1E7 /* EssentialFeedJorgeCacheIntegrationTests.xctestplan */ = {isa = PBXFileReference; lastKnownFileType = text; path = EssentialFeedJorgeCacheIntegrationTests.xctestplan; sourceTree = "<group>"; };
		E45079C52A9CAC930066A313 /* FeedStore.xcdatamodel */ = {isa = PBXFileReference; lastKnownFileType = wrapper.xcdatamodel; path = FeedStore.xcdatamodel; sourceTree = "<group>"; };
		E45079CA2A9CCE2C0066A313 /* CoreDataHelpers.swift */ = {isa = PBXFileReference; lastKnownFileType = sourcecode.swift; path = CoreDataHelpers.swift; sourceTree = "<group>"; };
		E45079CC2A9CCF4D0066A313 /* ManagedCache.swift */ = {isa = PBXFileReference; lastKnownFileType = sourcecode.swift; path = ManagedCache.swift; sourceTree = "<group>"; };
		E45079CE2A9CCF940066A313 /* ManagedFeedImage.swift */ = {isa = PBXFileReference; lastKnownFileType = sourcecode.swift; path = ManagedFeedImage.swift; sourceTree = "<group>"; };
		E45EA4F82A8E140B00518AAF /* LocalFeedLoader.swift */ = {isa = PBXFileReference; lastKnownFileType = sourcecode.swift; path = LocalFeedLoader.swift; sourceTree = "<group>"; };
		E462FCBB2A84D3FB00A1B9F8 /* XCTestCase+MemoryLeakTracker.swift */ = {isa = PBXFileReference; lastKnownFileType = sourcecode.swift; path = "XCTestCase+MemoryLeakTracker.swift"; sourceTree = "<group>"; };
		E468333A2B03D12900F097E7 /* LoadFeedImageDataFromCacheUseCaseTests.swift */ = {isa = PBXFileReference; lastKnownFileType = sourcecode.swift; path = LoadFeedImageDataFromCacheUseCaseTests.swift; sourceTree = "<group>"; };
		E46856F92A8CED2A0040C5F5 /* CacheFeedUseCaseTests.swift */ = {isa = PBXFileReference; lastKnownFileType = sourcecode.swift; path = CacheFeedUseCaseTests.swift; sourceTree = "<group>"; };
		E471C5882A83813300148917 /* URLSessionHTTPClientTests.swift */ = {isa = PBXFileReference; lastKnownFileType = sourcecode.swift; path = URLSessionHTTPClientTests.swift; sourceTree = "<group>"; };
		E48221A62B04AF3B007043DA /* FeedImageDataStore.swift */ = {isa = PBXFileReference; lastKnownFileType = sourcecode.swift; path = FeedImageDataStore.swift; sourceTree = "<group>"; };
		E48221A82B04AF7A007043DA /* LocalFeedImageDataLoader.swift */ = {isa = PBXFileReference; lastKnownFileType = sourcecode.swift; path = LocalFeedImageDataLoader.swift; sourceTree = "<group>"; };
		E48221AA2B04D1C2007043DA /* FeedImageDataStoreSpy.swift */ = {isa = PBXFileReference; lastKnownFileType = sourcecode.swift; path = FeedImageDataStoreSpy.swift; sourceTree = "<group>"; };
		E48221AC2B04D4BE007043DA /* CacheFeedImageDataUseCaseTests.swift */ = {isa = PBXFileReference; lastKnownFileType = sourcecode.swift; path = CacheFeedImageDataUseCaseTests.swift; sourceTree = "<group>"; };
		E48221AE2B051AC0007043DA /* CoreDataFeedImageDataStoreTests.swift */ = {isa = PBXFileReference; lastKnownFileType = sourcecode.swift; path = CoreDataFeedImageDataStoreTests.swift; sourceTree = "<group>"; };
		E48221B92B053535007043DA /* CoreDataFeedStore+FeedImageDataLoader.swift */ = {isa = PBXFileReference; lastKnownFileType = sourcecode.swift; path = "CoreDataFeedStore+FeedImageDataLoader.swift"; sourceTree = "<group>"; };
		E48221BB2B053C74007043DA /* CoreDataFeedStore+FeedStore.swift */ = {isa = PBXFileReference; lastKnownFileType = sourcecode.swift; path = "CoreDataFeedStore+FeedStore.swift"; sourceTree = "<group>"; };
		E4862A072A9388F8007C2ACD /* ValidateFeedCacheUseCaseTests.swift */ = {isa = PBXFileReference; lastKnownFileType = sourcecode.swift; path = ValidateFeedCacheUseCaseTests.swift; sourceTree = "<group>"; };
		E4862A092A939022007C2ACD /* FeedCacheTestsHelpers.swift */ = {isa = PBXFileReference; lastKnownFileType = sourcecode.swift; path = FeedCacheTestsHelpers.swift; sourceTree = "<group>"; };
		E4862A0B2A9391A7007C2ACD /* SharedTestsHelpers.swift */ = {isa = PBXFileReference; lastKnownFileType = sourcecode.swift; path = SharedTestsHelpers.swift; sourceTree = "<group>"; };
		E490F5552AD6B57F00B17FC8 /* FeedPresenter.swift */ = {isa = PBXFileReference; lastKnownFileType = sourcecode.swift; path = FeedPresenter.swift; sourceTree = "<group>"; };
		E490F5582AD6B7F100B17FC8 /* FeedViewModel.swift */ = {isa = PBXFileReference; lastKnownFileType = sourcecode.swift; path = FeedViewModel.swift; sourceTree = "<group>"; };
		E490F55A2AD6B82D00B17FC8 /* FeedLoadingViewModel.swift */ = {isa = PBXFileReference; lastKnownFileType = sourcecode.swift; path = FeedLoadingViewModel.swift; sourceTree = "<group>"; };
		E490F55C2AD6B85B00B17FC8 /* FeedErrorViewModel.swift */ = {isa = PBXFileReference; lastKnownFileType = sourcecode.swift; path = FeedErrorViewModel.swift; sourceTree = "<group>"; };
		E490F55F2AD6BF7A00B17FC8 /* FeedImagePresenterTests.swift */ = {isa = PBXFileReference; lastKnownFileType = sourcecode.swift; path = FeedImagePresenterTests.swift; sourceTree = "<group>"; };
		E490F5612AD6E61800B17FC8 /* FeedImagePresenter.swift */ = {isa = PBXFileReference; lastKnownFileType = sourcecode.swift; path = FeedImagePresenter.swift; sourceTree = "<group>"; };
		E490F5642AD6E83500B17FC8 /* FeedImageViewModel.swift */ = {isa = PBXFileReference; lastKnownFileType = sourcecode.swift; path = FeedImageViewModel.swift; sourceTree = "<group>"; };
		E492765F2A8513DD0009E424 /* URLSessionHTTPClient.swift */ = {isa = PBXFileReference; lastKnownFileType = sourcecode.swift; path = URLSessionHTTPClient.swift; sourceTree = "<group>"; };
		E49CB1CD2AC1960C004B9A63 /* EssentialFeedJorgeAPIEndToEndTests.xctestplan */ = {isa = PBXFileReference; lastKnownFileType = text; path = EssentialFeedJorgeAPIEndToEndTests.xctestplan; sourceTree = "<group>"; };
		E49EA9572AD44D0A00DC4251 /* FeedPresenterTests.swift */ = {isa = PBXFileReference; lastKnownFileType = sourcecode.swift; path = FeedPresenterTests.swift; sourceTree = "<group>"; };
		E4A448D22A824D0F001E12FD /* HTTPClientProtocol.swift */ = {isa = PBXFileReference; lastKnownFileType = sourcecode.swift; path = HTTPClientProtocol.swift; sourceTree = "<group>"; };
		E4A448D42A824D9C001E12FD /* FeedItemsMapper.swift */ = {isa = PBXFileReference; lastKnownFileType = sourcecode.swift; path = FeedItemsMapper.swift; sourceTree = "<group>"; };
		E4B3FC232ABC902C00C8B737 /* EssentialFeedJorge.xctestplan */ = {isa = PBXFileReference; lastKnownFileType = text; path = EssentialFeedJorge.xctestplan; sourceTree = "<group>"; };
		E4C62C412B039622008E820C /* HTTPClientSpy.swift */ = {isa = PBXFileReference; lastKnownFileType = sourcecode.swift; path = HTTPClientSpy.swift; sourceTree = "<group>"; };
		E4C62C442B03C8AD008E820C /* HTTPURLResponse+StatusCode.swift */ = {isa = PBXFileReference; lastKnownFileType = sourcecode.swift; path = "HTTPURLResponse+StatusCode.swift"; sourceTree = "<group>"; };
		E4C62C472B03CA93008E820C /* URLProtocolStub.swift */ = {isa = PBXFileReference; lastKnownFileType = sourcecode.swift; path = URLProtocolStub.swift; sourceTree = "<group>"; };
		E4C653652AB05F11007DA9F4 /* EssentialFeedJorgeiOS.framework */ = {isa = PBXFileReference; explicitFileType = wrapper.framework; includeInIndex = 0; path = EssentialFeedJorgeiOS.framework; sourceTree = BUILT_PRODUCTS_DIR; };
		E4C6536C2AB05F11007DA9F4 /* EssentialFeedJorgeiOSTests.xctest */ = {isa = PBXFileReference; explicitFileType = wrapper.cfbundle; includeInIndex = 0; path = EssentialFeedJorgeiOSTests.xctest; sourceTree = BUILT_PRODUCTS_DIR; };
		E4C6537A2AB061F0007DA9F4 /* EssentialFeedJorgeiOS.xctestplan */ = {isa = PBXFileReference; lastKnownFileType = text; path = EssentialFeedJorgeiOS.xctestplan; sourceTree = "<group>"; };
		E4CE78D62AB31CD20060E7BE /* UIView+Shimmering.swift */ = {isa = PBXFileReference; lastKnownFileType = sourcecode.swift; path = "UIView+Shimmering.swift"; sourceTree = "<group>"; };
		E4D09A5F2B022BA700468576 /* RemoteFeedImageDataLoader.swift */ = {isa = PBXFileReference; lastKnownFileType = sourcecode.swift; path = RemoteFeedImageDataLoader.swift; sourceTree = "<group>"; };
		E4D09A612B022DEC00468576 /* LoadFeedImageDataFromRemoteUseCaseTests.swift */ = {isa = PBXFileReference; lastKnownFileType = sourcecode.swift; path = LoadFeedImageDataFromRemoteUseCaseTests.swift; sourceTree = "<group>"; };
		E4D319A22ABD821600517A44 /* CI_macOS.xctestplan */ = {isa = PBXFileReference; lastKnownFileType = text; path = CI_macOS.xctestplan; sourceTree = SOURCE_ROOT; };
		E4D319A32ABD830A00517A44 /* CI_iOS.xctestplan */ = {isa = PBXFileReference; lastKnownFileType = text; path = CI_iOS.xctestplan; sourceTree = "<group>"; };
		E4D319A42ABDB32600517A44 /* MainQueueDispatchDecorator.swift */ = {isa = PBXFileReference; lastKnownFileType = sourcecode.swift; path = MainQueueDispatchDecorator.swift; sourceTree = "<group>"; };
		E4D319A62ABDB50D00517A44 /* WeakRefVirtualProxy.swift */ = {isa = PBXFileReference; lastKnownFileType = sourcecode.swift; path = WeakRefVirtualProxy.swift; sourceTree = "<group>"; };
		E4D319A82ABDB63200517A44 /* FeedImageDataLoaderPresentationAdapter.swift */ = {isa = PBXFileReference; lastKnownFileType = sourcecode.swift; path = FeedImageDataLoaderPresentationAdapter.swift; sourceTree = "<group>"; };
		E4D319AA2ABDB6AA00517A44 /* FeedLoaderPresentationAdapter.swift */ = {isa = PBXFileReference; lastKnownFileType = sourcecode.swift; path = FeedLoaderPresentationAdapter.swift; sourceTree = "<group>"; };
		E4D319AC2ABDB70800517A44 /* FeedViewAdapter.swift */ = {isa = PBXFileReference; lastKnownFileType = sourcecode.swift; path = FeedViewAdapter.swift; sourceTree = "<group>"; };
		E4D5E2CF2AB895A4003334DB /* Feed.storyboard */ = {isa = PBXFileReference; lastKnownFileType = file.storyboard; path = Feed.storyboard; sourceTree = "<group>"; };
		E4D5E2D12AB8967B003334DB /* Feed.xcassets */ = {isa = PBXFileReference; lastKnownFileType = folder.assetcatalog; path = Feed.xcassets; sourceTree = "<group>"; };
		E4D5E2D32AB8A76C003334DB /* UITableView+Dequeueing.swift */ = {isa = PBXFileReference; lastKnownFileType = sourcecode.swift; path = "UITableView+Dequeueing.swift"; sourceTree = "<group>"; };
		E4D5E2D52AB8A93A003334DB /* UIImageView+Animations.swift */ = {isa = PBXFileReference; lastKnownFileType = sourcecode.swift; path = "UIImageView+Animations.swift"; sourceTree = "<group>"; };
		E4DF32EC2A8625D200A4F272 /* EssentialFeedJorgeAPIEndToEndTests.xctest */ = {isa = PBXFileReference; explicitFileType = wrapper.cfbundle; includeInIndex = 0; path = EssentialFeedJorgeAPIEndToEndTests.xctest; sourceTree = BUILT_PRODUCTS_DIR; };
		E4DF32EE2A8625D200A4F272 /* EssentialFeedJorgeAPIEndToEndTests.swift */ = {isa = PBXFileReference; lastKnownFileType = sourcecode.swift; path = EssentialFeedJorgeAPIEndToEndTests.swift; sourceTree = "<group>"; };
		E4E5B9DC2AD6B2B20083C361 /* en */ = {isa = PBXFileReference; lastKnownFileType = text.plist.strings; name = en; path = en.lproj/Feed.strings; sourceTree = "<group>"; };
		E4E5B9DE2AD6B2B40083C361 /* pt-BR */ = {isa = PBXFileReference; lastKnownFileType = text.plist.strings; name = "pt-BR"; path = "pt-BR.lproj/Feed.strings"; sourceTree = "<group>"; };
		E4E5B9DF2AD6B2B50083C361 /* es-419 */ = {isa = PBXFileReference; lastKnownFileType = text.plist.strings; name = "es-419"; path = "es-419.lproj/Feed.strings"; sourceTree = "<group>"; };
		E4EC076C2A8E2F6200CEAF0D /* FeedStoreProtocol.swift */ = {isa = PBXFileReference; lastKnownFileType = sourcecode.swift; path = FeedStoreProtocol.swift; sourceTree = "<group>"; };
		E4EC076E2A8E455F00CEAF0D /* RemoteFeedItem.swift */ = {isa = PBXFileReference; lastKnownFileType = sourcecode.swift; path = RemoteFeedItem.swift; sourceTree = "<group>"; };
		E4EC07702A8E460600CEAF0D /* LocalFeedImage.swift */ = {isa = PBXFileReference; lastKnownFileType = sourcecode.swift; path = LocalFeedImage.swift; sourceTree = "<group>"; };
		E4EEFC252A9C8A0900924EB6 /* CoreDataFeedStoreTests.swift */ = {isa = PBXFileReference; lastKnownFileType = sourcecode.swift; path = CoreDataFeedStoreTests.swift; sourceTree = "<group>"; };
		E4EEFC272A9C903300924EB6 /* CoreDataFeedStore.swift */ = {isa = PBXFileReference; lastKnownFileType = sourcecode.swift; path = CoreDataFeedStore.swift; sourceTree = "<group>"; };
		E4F4CAA42AB1DECC00F522EB /* FeedImageTableViewCell.swift */ = {isa = PBXFileReference; lastKnownFileType = sourcecode.swift; path = FeedImageTableViewCell.swift; sourceTree = "<group>"; };
		E4FA2DC02AB4643E00CFE6CA /* FeedImageDataLoader.swift */ = {isa = PBXFileReference; lastKnownFileType = sourcecode.swift; path = FeedImageDataLoader.swift; sourceTree = "<group>"; };
		E4FA2DC42AB4690900CFE6CA /* FeedImageCellController.swift */ = {isa = PBXFileReference; lastKnownFileType = sourcecode.swift; path = FeedImageCellController.swift; sourceTree = "<group>"; };
		E4FA2DC72AB46BBB00CFE6CA /* FeedUIComposer.swift */ = {isa = PBXFileReference; lastKnownFileType = sourcecode.swift; path = FeedUIComposer.swift; sourceTree = "<group>"; };
/* End PBXFileReference section */

/* Begin PBXFrameworksBuildPhase section */
		E431A7232A7A49D6007723DD /* Frameworks */ = {
			isa = PBXFrameworksBuildPhase;
			buildActionMask = 2147483647;
			files = (
			);
			runOnlyForDeploymentPostprocessing = 0;
		};
		E431A72B2A7A49D6007723DD /* Frameworks */ = {
			isa = PBXFrameworksBuildPhase;
			buildActionMask = 2147483647;
			files = (
				E431A72F2A7A49D6007723DD /* EssentialFeedJorge.framework in Frameworks */,
			);
			runOnlyForDeploymentPostprocessing = 0;
		};
		E442DBE12A9DDDC3001AA1E7 /* Frameworks */ = {
			isa = PBXFrameworksBuildPhase;
			buildActionMask = 2147483647;
			files = (
				E442DBE82A9DDDC3001AA1E7 /* EssentialFeedJorge.framework in Frameworks */,
			);
			runOnlyForDeploymentPostprocessing = 0;
		};
		E4C653622AB05F11007DA9F4 /* Frameworks */ = {
			isa = PBXFrameworksBuildPhase;
			buildActionMask = 2147483647;
			files = (
				E406874D2AB08B7200BCB67B /* EssentialFeedJorge.framework in Frameworks */,
			);
			runOnlyForDeploymentPostprocessing = 0;
		};
		E4C653692AB05F11007DA9F4 /* Frameworks */ = {
			isa = PBXFrameworksBuildPhase;
			buildActionMask = 2147483647;
			files = (
				E4C6536D2AB05F12007DA9F4 /* EssentialFeedJorgeiOS.framework in Frameworks */,
			);
			runOnlyForDeploymentPostprocessing = 0;
		};
		E4DF32E92A8625D200A4F272 /* Frameworks */ = {
			isa = PBXFrameworksBuildPhase;
			buildActionMask = 2147483647;
			files = (
				E4DF32F02A8625D200A4F272 /* EssentialFeedJorge.framework in Frameworks */,
			);
			runOnlyForDeploymentPostprocessing = 0;
		};
/* End PBXFrameworksBuildPhase section */

/* Begin PBXGroup section */
		E40021F72ABB249800D9C2EC /* EssentialFeedJorgeiOSTests */ = {
			isa = PBXGroup;
			children = (
				E43325C52AD4596500B67A18 /* FeedUI */,
				E40021F82ABB249800D9C2EC /* EssentialFeedJorgeiOSTests-Bridging-Header.h */,
			);
			path = EssentialFeedJorgeiOSTests;
			sourceTree = "<group>";
		};
		E40021F92ABB249800D9C2EC /* Helpers */ = {
			isa = PBXGroup;
			children = (
				E40021FC2ABB249800D9C2EC /* UIButton+TestHelpers.swift */,
				E40021FD2ABB249800D9C2EC /* FeedImageCell+TestHelpers.swift */,
				E40021FE2ABB249800D9C2EC /* FeedViewControllerTests+LoaderSpy.swift */,
				E40021FF2ABB249800D9C2EC /* UIImage+TestHelpers.swift */,
				E40022002ABB249800D9C2EC /* UIControl+TestHelpers.swift */,
				E40022012ABB249800D9C2EC /* FeedViewControllerTests+Assertions.swift */,
				E40022022ABB249800D9C2EC /* FeedViewController+TestHelpers.swift */,
				E40022032ABB249800D9C2EC /* FeedViewControllerTests+Localization.swift */,
				E40022042ABB249800D9C2EC /* UIRefreshControl+TestHelpers.swift */,
			);
			path = Helpers;
			sourceTree = "<group>";
		};
		E406874C2AB08B7200BCB67B /* Frameworks */ = {
			isa = PBXGroup;
			children = (
			);
			name = Frameworks;
			sourceTree = "<group>";
		};
		E419EDD62AD5ACFF00CD51F0 /* Helpers */ = {
			isa = PBXGroup;
			children = (
				E4D5E2D32AB8A76C003334DB /* UITableView+Dequeueing.swift */,
				E4D5E2D52AB8A93A003334DB /* UIImageView+Animations.swift */,
				E4CE78D62AB31CD20060E7BE /* UIView+Shimmering.swift */,
				E419EDD92AD5AED400CD51F0 /* UIRefreshControl+Helpers.swift */,
			);
			path = Helpers;
			sourceTree = "<group>";
		};
		E4209EB12A7B9C77009D6000 /* FeedAPI */ = {
			isa = PBXGroup;
			children = (
				E4C62C432B03C888008E820C /* Helpers */,
				E4209EB22A7B9D70009D6000 /* RemoteFeedLoader.swift */,
				E4A448D42A824D9C001E12FD /* FeedItemsMapper.swift */,
				E4EC076E2A8E455F00CEAF0D /* RemoteFeedItem.swift */,
				E4D09A5F2B022BA700468576 /* RemoteFeedImageDataLoader.swift */,
				E4A448D22A824D0F001E12FD /* HTTPClientProtocol.swift */,
				E492765F2A8513DD0009E424 /* URLSessionHTTPClient.swift */,
			);
			path = FeedAPI;
			sourceTree = "<group>";
		};
		E42B04362A98DC34006139EB /* FeedStoreProtocolsSpecs+Helpers */ = {
			isa = PBXGroup;
			children = (
				E42B04322A98D172006139EB /* FeedStoreSpecsProtocols.swift */,
				E42B04342A98D3E9006139EB /* XCTestCase+FeedStoreSpecsProtocolsHelpers.swift */,
			);
			path = "FeedStoreProtocolsSpecs+Helpers";
			sourceTree = "<group>";
		};
		E42F7CB82A8F5BA5007BEE78 /* Helpers */ = {
			isa = PBXGroup;
			children = (
				E42F7CB92A8F5BD1007BEE78 /* FeedStoreSpy.swift */,
				E4862A092A939022007C2ACD /* FeedCacheTestsHelpers.swift */,
				E48221AA2B04D1C2007043DA /* FeedImageDataStoreSpy.swift */,
			);
			path = Helpers;
			sourceTree = "<group>";
		};
		E431A71C2A7A49D6007723DD = {
			isa = PBXGroup;
			children = (
				E4B3FC232ABC902C00C8B737 /* EssentialFeedJorge.xctestplan */,
				E4C6537A2AB061F0007DA9F4 /* EssentialFeedJorgeiOS.xctestplan */,
				E442DBEE2A9DDED5001AA1E7 /* EssentialFeedJorgeCacheIntegrationTests.xctestplan */,
				E49CB1CD2AC1960C004B9A63 /* EssentialFeedJorgeAPIEndToEndTests.xctestplan */,
				E4D319A22ABD821600517A44 /* CI_macOS.xctestplan */,
				E4D319A32ABD830A00517A44 /* CI_iOS.xctestplan */,
				E431A7282A7A49D6007723DD /* EssentialFeedJorge */,
				E431A7322A7A49D6007723DD /* EssentialFeedJorgeTests */,
				E4DF32ED2A8625D200A4F272 /* EssentialFeedJorgeAPIEndToEndTests */,
				E442DBE52A9DDDC3001AA1E7 /* EssentialFeedJorgeCacheIntegrationTests */,
				E4C653662AB05F11007DA9F4 /* EssentialFeedJorgeiOS */,
				E40021F72ABB249800D9C2EC /* EssentialFeedJorgeiOSTests */,
				E431A7272A7A49D6007723DD /* Products */,
				E406874C2AB08B7200BCB67B /* Frameworks */,
			);
			sourceTree = "<group>";
		};
		E431A7272A7A49D6007723DD /* Products */ = {
			isa = PBXGroup;
			children = (
				E431A7262A7A49D6007723DD /* EssentialFeedJorge.framework */,
				E431A72E2A7A49D6007723DD /* EssentialFeedJorgeTests.xctest */,
				E4DF32EC2A8625D200A4F272 /* EssentialFeedJorgeAPIEndToEndTests.xctest */,
				E442DBE42A9DDDC3001AA1E7 /* EssentialFeedJorgeCacheIntegrationTests.xctest */,
				E4C653652AB05F11007DA9F4 /* EssentialFeedJorgeiOS.framework */,
				E4C6536C2AB05F11007DA9F4 /* EssentialFeedJorgeiOSTests.xctest */,
			);
			name = Products;
			sourceTree = "<group>";
		};
		E431A7282A7A49D6007723DD /* EssentialFeedJorge */ = {
			isa = PBXGroup;
			children = (
				E45EA4F72A8E13F100518AAF /* FeedCache */,
				E431A7292A7A49D6007723DD /* EssentialFeedJorge.h */,
				E4209EB12A7B9C77009D6000 /* FeedAPI */,
				E431A7422A7A4B8B007723DD /* FeedFeature */,
				E490F5542AD6B4E000B17FC8 /* FeedPresentaiton */,
			);
			path = EssentialFeedJorge;
			sourceTree = "<group>";
		};
		E431A7322A7A49D6007723DD /* EssentialFeedJorgeTests */ = {
			isa = PBXGroup;
			children = (
				E462FCBA2A84D3C600A1B9F8 /* Helpers */,
				E46856F82A8CED040040C5F5 /* FeedCache */,
				E471C5872A825D7200148917 /* FeedAPI */,
				E49EA9462AD424C500DC4251 /* FeedPresentation */,
			);
			path = EssentialFeedJorgeTests;
			sourceTree = "<group>";
		};
		E431A7422A7A4B8B007723DD /* FeedFeature */ = {
			isa = PBXGroup;
			children = (
				E431A73E2A7A49F5007723DD /* FeedImage.swift */,
				E431A7402A7A4A93007723DD /* FeedLoader.swift */,
				E4FA2DC02AB4643E00CFE6CA /* FeedImageDataLoader.swift */,
			);
			path = FeedFeature;
			sourceTree = "<group>";
		};
		E43325C52AD4596500B67A18 /* FeedUI */ = {
			isa = PBXGroup;
			children = (
				E40022072ABB249800D9C2EC /* FeedUIIntegrationTests.swift */,
				E40021F92ABB249800D9C2EC /* Helpers */,
			);
			path = FeedUI;
			sourceTree = "<group>";
		};
		E442DBE52A9DDDC3001AA1E7 /* EssentialFeedJorgeCacheIntegrationTests */ = {
			isa = PBXGroup;
			children = (
				E442DBE62A9DDDC3001AA1E7 /* EssentialFeedJorgeCacheIntegrationTests.swift */,
			);
			path = EssentialFeedJorgeCacheIntegrationTests;
			sourceTree = "<group>";
		};
		E45079C72A9CCCCF0066A313 /* Infrastructure */ = {
			isa = PBXGroup;
			children = (
				E45079C82A9CCCE90066A313 /* CoreData */,
			);
			path = Infrastructure;
			sourceTree = "<group>";
		};
		E45079C82A9CCCE90066A313 /* CoreData */ = {
			isa = PBXGroup;
			children = (
				E4EEFC272A9C903300924EB6 /* CoreDataFeedStore.swift */,
				E48221B92B053535007043DA /* CoreDataFeedStore+FeedImageDataLoader.swift */,
				E48221BB2B053C74007043DA /* CoreDataFeedStore+FeedStore.swift */,
				E45079C42A9CAC930066A313 /* FeedStore.xcdatamodeld */,
				E45079CA2A9CCE2C0066A313 /* CoreDataHelpers.swift */,
				E45079CC2A9CCF4D0066A313 /* ManagedCache.swift */,
				E45079CE2A9CCF940066A313 /* ManagedFeedImage.swift */,
			);
			path = CoreData;
			sourceTree = "<group>";
		};
		E45EA4F72A8E13F100518AAF /* FeedCache */ = {
			isa = PBXGroup;
			children = (
				E45EA4F82A8E140B00518AAF /* LocalFeedLoader.swift */,
				E404A2092A9497260082F80F /* FeedCachePolicy.swift */,
				E4EC076C2A8E2F6200CEAF0D /* FeedStoreProtocol.swift */,
				E4EC07702A8E460600CEAF0D /* LocalFeedImage.swift */,
				E48221A62B04AF3B007043DA /* FeedImageDataStore.swift */,
				E48221A82B04AF7A007043DA /* LocalFeedImageDataLoader.swift */,
				E45079C72A9CCCCF0066A313 /* Infrastructure */,
			);
			path = FeedCache;
			sourceTree = "<group>";
		};
		E462FCBA2A84D3C600A1B9F8 /* Helpers */ = {
			isa = PBXGroup;
			children = (
				E4C62C412B039622008E820C /* HTTPClientSpy.swift */,
				E462FCBB2A84D3FB00A1B9F8 /* XCTestCase+MemoryLeakTracker.swift */,
				E4862A0B2A9391A7007C2ACD /* SharedTestsHelpers.swift */,
			);
			path = Helpers;
			sourceTree = "<group>";
		};
		E46856F82A8CED040040C5F5 /* FeedCache */ = {
			isa = PBXGroup;
			children = (
				E42F7CB82A8F5BA5007BEE78 /* Helpers */,
				E42F7CB62A8F597C007BEE78 /* LoadFeedFromCacheUseCaseTests.swift */,
				E468333A2B03D12900F097E7 /* LoadFeedImageDataFromCacheUseCaseTests.swift */,
				E46856F92A8CED2A0040C5F5 /* CacheFeedUseCaseTests.swift */,
				E48221AC2B04D4BE007043DA /* CacheFeedImageDataUseCaseTests.swift */,
				E48221AE2B051AC0007043DA /* CoreDataFeedImageDataStoreTests.swift */,
				E4EEFC252A9C8A0900924EB6 /* CoreDataFeedStoreTests.swift */,
				E4862A072A9388F8007C2ACD /* ValidateFeedCacheUseCaseTests.swift */,
				E42B04362A98DC34006139EB /* FeedStoreProtocolsSpecs+Helpers */,
			);
			path = FeedCache;
			sourceTree = "<group>";
		};
		E471C5872A825D7200148917 /* FeedAPI */ = {
			isa = PBXGroup;
			children = (
				E4C62C462B03CA8B008E820C /* Helpers */,
				E471C5882A83813300148917 /* URLSessionHTTPClientTests.swift */,
				E431A7452A7A68C8007723DD /* LoadFeedFromRemoteUseCaseTests.swift */,
				E4D09A612B022DEC00468576 /* LoadFeedImageDataFromRemoteUseCaseTests.swift */,
			);
			path = FeedAPI;
			sourceTree = "<group>";
		};
		E490F5542AD6B4E000B17FC8 /* FeedPresentaiton */ = {
			isa = PBXGroup;
			children = (
				E490F5552AD6B57F00B17FC8 /* FeedPresenter.swift */,
				E490F5612AD6E61800B17FC8 /* FeedImagePresenter.swift */,
				E490F5642AD6E83500B17FC8 /* FeedImageViewModel.swift */,
				E490F5582AD6B7F100B17FC8 /* FeedViewModel.swift */,
				E490F55A2AD6B82D00B17FC8 /* FeedLoadingViewModel.swift */,
				E490F55C2AD6B85B00B17FC8 /* FeedErrorViewModel.swift */,
				E4E5B9DD2AD6B2B20083C361 /* Feed.strings */,
			);
			path = FeedPresentaiton;
			sourceTree = "<group>";
		};
		E49EA9462AD424C500DC4251 /* FeedPresentation */ = {
			isa = PBXGroup;
			children = (
				E49EA9572AD44D0A00DC4251 /* FeedPresenterTests.swift */,
				E40022182ABB5B4D00D9C2EC /* FeedLocalizationTests.swift */,
				E490F55F2AD6BF7A00B17FC8 /* FeedImagePresenterTests.swift */,
			);
			path = FeedPresentation;
			sourceTree = "<group>";
		};
		E4C62C432B03C888008E820C /* Helpers */ = {
			isa = PBXGroup;
			children = (
				E4C62C442B03C8AD008E820C /* HTTPURLResponse+StatusCode.swift */,
			);
			path = Helpers;
			sourceTree = "<group>";
		};
		E4C62C462B03CA8B008E820C /* Helpers */ = {
			isa = PBXGroup;
			children = (
				E4C62C472B03CA93008E820C /* URLProtocolStub.swift */,
			);
			path = Helpers;
			sourceTree = "<group>";
		};
		E4C653662AB05F11007DA9F4 /* EssentialFeedJorgeiOS */ = {
			isa = PBXGroup;
			children = (
				E4FA2DB62AB460F400CFE6CA /* FeedUI */,
			);
			path = EssentialFeedJorgeiOS;
			sourceTree = "<group>";
		};
		E4DF32ED2A8625D200A4F272 /* EssentialFeedJorgeAPIEndToEndTests */ = {
			isa = PBXGroup;
			children = (
				E4DF32EE2A8625D200A4F272 /* EssentialFeedJorgeAPIEndToEndTests.swift */,
			);
			path = EssentialFeedJorgeAPIEndToEndTests;
			sourceTree = "<group>";
		};
		E4FA2DAC2AB45CC800CFE6CA /* Controllers */ = {
			isa = PBXGroup;
			children = (
				E4242E092AB0A81100785984 /* FeedViewController.swift */,
				E4FA2DC42AB4690900CFE6CA /* FeedImageCellController.swift */,
			);
			path = Controllers;
			sourceTree = "<group>";
		};
		E4FA2DAD2AB45CDB00CFE6CA /* Views */ = {
			isa = PBXGroup;
			children = (
				E419EDD62AD5ACFF00CD51F0 /* Helpers */,
				E4F4CAA42AB1DECC00F522EB /* FeedImageTableViewCell.swift */,
				E4D5E2CF2AB895A4003334DB /* Feed.storyboard */,
				E4D5E2D12AB8967B003334DB /* Feed.xcassets */,
				E419EDD42AD5768A00CD51F0 /* ErrorView.swift */,
			);
			path = Views;
			sourceTree = "<group>";
		};
		E4FA2DB62AB460F400CFE6CA /* FeedUI */ = {
			isa = PBXGroup;
			children = (
				E4FA2DC62AB46BB200CFE6CA /* Composers */,
				E4FA2DAD2AB45CDB00CFE6CA /* Views */,
				E4FA2DAC2AB45CC800CFE6CA /* Controllers */,
			);
			path = FeedUI;
			sourceTree = "<group>";
		};
		E4FA2DC62AB46BB200CFE6CA /* Composers */ = {
			isa = PBXGroup;
			children = (
				E4FA2DC72AB46BBB00CFE6CA /* FeedUIComposer.swift */,
				E4D319AC2ABDB70800517A44 /* FeedViewAdapter.swift */,
				E4D319AA2ABDB6AA00517A44 /* FeedLoaderPresentationAdapter.swift */,
				E4D319A82ABDB63200517A44 /* FeedImageDataLoaderPresentationAdapter.swift */,
				E4D319A42ABDB32600517A44 /* MainQueueDispatchDecorator.swift */,
				E4D319A62ABDB50D00517A44 /* WeakRefVirtualProxy.swift */,
			);
			path = Composers;
			sourceTree = "<group>";
		};
/* End PBXGroup section */

/* Begin PBXHeadersBuildPhase section */
		E431A7212A7A49D6007723DD /* Headers */ = {
			isa = PBXHeadersBuildPhase;
			buildActionMask = 2147483647;
			files = (
				E431A7352A7A49D6007723DD /* EssentialFeedJorge.h in Headers */,
			);
			runOnlyForDeploymentPostprocessing = 0;
		};
		E4C653602AB05F11007DA9F4 /* Headers */ = {
			isa = PBXHeadersBuildPhase;
			buildActionMask = 2147483647;
			files = (
			);
			runOnlyForDeploymentPostprocessing = 0;
		};
/* End PBXHeadersBuildPhase section */

/* Begin PBXNativeTarget section */
		E431A7252A7A49D6007723DD /* EssentialFeedJorge */ = {
			isa = PBXNativeTarget;
			buildConfigurationList = E431A7382A7A49D6007723DD /* Build configuration list for PBXNativeTarget "EssentialFeedJorge" */;
			buildPhases = (
				E431A7212A7A49D6007723DD /* Headers */,
				E431A7222A7A49D6007723DD /* Sources */,
				E431A7232A7A49D6007723DD /* Frameworks */,
				E431A7242A7A49D6007723DD /* Resources */,
			);
			buildRules = (
			);
			dependencies = (
			);
			name = EssentialFeedJorge;
			productName = EssentialFeedJorge;
			productReference = E431A7262A7A49D6007723DD /* EssentialFeedJorge.framework */;
			productType = "com.apple.product-type.framework";
		};
		E431A72D2A7A49D6007723DD /* EssentialFeedJorgeTests */ = {
			isa = PBXNativeTarget;
			buildConfigurationList = E431A73B2A7A49D6007723DD /* Build configuration list for PBXNativeTarget "EssentialFeedJorgeTests" */;
			buildPhases = (
				E431A72A2A7A49D6007723DD /* Sources */,
				E431A72B2A7A49D6007723DD /* Frameworks */,
				E431A72C2A7A49D6007723DD /* Resources */,
			);
			buildRules = (
			);
			dependencies = (
				E431A7312A7A49D6007723DD /* PBXTargetDependency */,
			);
			name = EssentialFeedJorgeTests;
			productName = EssentialFeedJorgeTests;
			productReference = E431A72E2A7A49D6007723DD /* EssentialFeedJorgeTests.xctest */;
			productType = "com.apple.product-type.bundle.unit-test";
		};
		E442DBE32A9DDDC3001AA1E7 /* EssentialFeedJorgeCacheIntegrationTests */ = {
			isa = PBXNativeTarget;
			buildConfigurationList = E442DBED2A9DDDC3001AA1E7 /* Build configuration list for PBXNativeTarget "EssentialFeedJorgeCacheIntegrationTests" */;
			buildPhases = (
				E442DBE02A9DDDC3001AA1E7 /* Sources */,
				E442DBE12A9DDDC3001AA1E7 /* Frameworks */,
				E442DBE22A9DDDC3001AA1E7 /* Resources */,
			);
			buildRules = (
			);
			dependencies = (
				E442DBEA2A9DDDC3001AA1E7 /* PBXTargetDependency */,
			);
			name = EssentialFeedJorgeCacheIntegrationTests;
			productName = EssentialFeedJorgeCacheIntegrationTests;
			productReference = E442DBE42A9DDDC3001AA1E7 /* EssentialFeedJorgeCacheIntegrationTests.xctest */;
			productType = "com.apple.product-type.bundle.unit-test";
		};
		E4C653642AB05F11007DA9F4 /* EssentialFeedJorgeiOS */ = {
			isa = PBXNativeTarget;
			buildConfigurationList = E4C653782AB05F12007DA9F4 /* Build configuration list for PBXNativeTarget "EssentialFeedJorgeiOS" */;
			buildPhases = (
				E4C653602AB05F11007DA9F4 /* Headers */,
				E4C653612AB05F11007DA9F4 /* Sources */,
				E4C653622AB05F11007DA9F4 /* Frameworks */,
				E4C653632AB05F11007DA9F4 /* Resources */,
				E40687512AB08B7200BCB67B /* Embed Frameworks */,
			);
			buildRules = (
			);
			dependencies = (
				E40687502AB08B7200BCB67B /* PBXTargetDependency */,
			);
			name = EssentialFeedJorgeiOS;
			productName = EssentialFeedJorgeiOS;
			productReference = E4C653652AB05F11007DA9F4 /* EssentialFeedJorgeiOS.framework */;
			productType = "com.apple.product-type.framework";
		};
		E4C6536B2AB05F11007DA9F4 /* EssentialFeedJorgeiOSTests */ = {
			isa = PBXNativeTarget;
			buildConfigurationList = E4C653792AB05F12007DA9F4 /* Build configuration list for PBXNativeTarget "EssentialFeedJorgeiOSTests" */;
			buildPhases = (
				E4C653682AB05F11007DA9F4 /* Sources */,
				E4C653692AB05F11007DA9F4 /* Frameworks */,
				E4C6536A2AB05F11007DA9F4 /* Resources */,
			);
			buildRules = (
			);
			dependencies = (
				E4C6536F2AB05F12007DA9F4 /* PBXTargetDependency */,
			);
			name = EssentialFeedJorgeiOSTests;
			productName = EssentialFeedJorgeiOSTests;
			productReference = E4C6536C2AB05F11007DA9F4 /* EssentialFeedJorgeiOSTests.xctest */;
			productType = "com.apple.product-type.bundle.unit-test";
		};
		E4DF32EB2A8625D200A4F272 /* EssentialFeedJorgeAPIEndToEndTests */ = {
			isa = PBXNativeTarget;
			buildConfigurationList = E4DF32F52A8625D200A4F272 /* Build configuration list for PBXNativeTarget "EssentialFeedJorgeAPIEndToEndTests" */;
			buildPhases = (
				E4DF32E82A8625D200A4F272 /* Sources */,
				E4DF32E92A8625D200A4F272 /* Frameworks */,
				E4DF32EA2A8625D200A4F272 /* Resources */,
			);
			buildRules = (
			);
			dependencies = (
				E4DF32F22A8625D200A4F272 /* PBXTargetDependency */,
			);
			name = EssentialFeedJorgeAPIEndToEndTests;
			productName = EssentialFeedJorgeAPIEndToEndTests;
			productReference = E4DF32EC2A8625D200A4F272 /* EssentialFeedJorgeAPIEndToEndTests.xctest */;
			productType = "com.apple.product-type.bundle.unit-test";
		};
/* End PBXNativeTarget section */

/* Begin PBXProject section */
		E431A71D2A7A49D6007723DD /* Project object */ = {
			isa = PBXProject;
			attributes = {
				BuildIndependentTargetsInParallel = 1;
				LastSwiftUpdateCheck = 1430;
				LastUpgradeCheck = 1500;
				TargetAttributes = {
					E431A7252A7A49D6007723DD = {
						CreatedOnToolsVersion = 14.3.1;
						LastSwiftMigration = 1430;
					};
					E431A72D2A7A49D6007723DD = {
						CreatedOnToolsVersion = 14.3.1;
					};
					E442DBE32A9DDDC3001AA1E7 = {
						CreatedOnToolsVersion = 14.3.1;
					};
					E4C653642AB05F11007DA9F4 = {
						CreatedOnToolsVersion = 14.3.1;
						LastSwiftMigration = 1430;
					};
					E4C6536B2AB05F11007DA9F4 = {
						CreatedOnToolsVersion = 14.3.1;
						LastSwiftMigration = 1430;
					};
					E4DF32EB2A8625D200A4F272 = {
						CreatedOnToolsVersion = 14.3.1;
					};
				};
			};
			buildConfigurationList = E431A7202A7A49D6007723DD /* Build configuration list for PBXProject "EssentialFeedJorge" */;
			compatibilityVersion = "Xcode 14.0";
			developmentRegion = en;
			hasScannedForEncodings = 0;
			knownRegions = (
				en,
				Base,
				"pt-BR",
				"es-419",
			);
			mainGroup = E431A71C2A7A49D6007723DD;
			productRefGroup = E431A7272A7A49D6007723DD /* Products */;
			projectDirPath = "";
			projectRoot = "";
			targets = (
				E431A7252A7A49D6007723DD /* EssentialFeedJorge */,
				E431A72D2A7A49D6007723DD /* EssentialFeedJorgeTests */,
				E4DF32EB2A8625D200A4F272 /* EssentialFeedJorgeAPIEndToEndTests */,
				E442DBE32A9DDDC3001AA1E7 /* EssentialFeedJorgeCacheIntegrationTests */,
				E4C653642AB05F11007DA9F4 /* EssentialFeedJorgeiOS */,
				E4C6536B2AB05F11007DA9F4 /* EssentialFeedJorgeiOSTests */,
			);
		};
/* End PBXProject section */

/* Begin PBXResourcesBuildPhase section */
		E431A7242A7A49D6007723DD /* Resources */ = {
			isa = PBXResourcesBuildPhase;
			buildActionMask = 2147483647;
			files = (
				E490F5572AD6B6B000B17FC8 /* Feed.strings in Resources */,
			);
			runOnlyForDeploymentPostprocessing = 0;
		};
		E431A72C2A7A49D6007723DD /* Resources */ = {
			isa = PBXResourcesBuildPhase;
			buildActionMask = 2147483647;
			files = (
			);
			runOnlyForDeploymentPostprocessing = 0;
		};
		E442DBE22A9DDDC3001AA1E7 /* Resources */ = {
			isa = PBXResourcesBuildPhase;
			buildActionMask = 2147483647;
			files = (
			);
			runOnlyForDeploymentPostprocessing = 0;
		};
		E4C653632AB05F11007DA9F4 /* Resources */ = {
			isa = PBXResourcesBuildPhase;
			buildActionMask = 2147483647;
			files = (
				E4D5E2D02AB895A4003334DB /* Feed.storyboard in Resources */,
				E4D5E2D22AB8967B003334DB /* Feed.xcassets in Resources */,
			);
			runOnlyForDeploymentPostprocessing = 0;
		};
		E4C6536A2AB05F11007DA9F4 /* Resources */ = {
			isa = PBXResourcesBuildPhase;
			buildActionMask = 2147483647;
			files = (
			);
			runOnlyForDeploymentPostprocessing = 0;
		};
		E4DF32EA2A8625D200A4F272 /* Resources */ = {
			isa = PBXResourcesBuildPhase;
			buildActionMask = 2147483647;
			files = (
			);
			runOnlyForDeploymentPostprocessing = 0;
		};
/* End PBXResourcesBuildPhase section */

/* Begin PBXSourcesBuildPhase section */
		E431A7222A7A49D6007723DD /* Sources */ = {
			isa = PBXSourcesBuildPhase;
			buildActionMask = 2147483647;
			files = (
				E45079CB2A9CCE2C0066A313 /* CoreDataHelpers.swift in Sources */,
				E4A448D52A824D9C001E12FD /* FeedItemsMapper.swift in Sources */,
				E431A7412A7A4A93007723DD /* FeedLoader.swift in Sources */,
				E4EC076F2A8E455F00CEAF0D /* RemoteFeedItem.swift in Sources */,
				E490F5652AD6E83500B17FC8 /* FeedImageViewModel.swift in Sources */,
				E404A20A2A9497260082F80F /* FeedCachePolicy.swift in Sources */,
				E4D09A602B022BA700468576 /* RemoteFeedImageDataLoader.swift in Sources */,
				E4209EB32A7B9D70009D6000 /* RemoteFeedLoader.swift in Sources */,
				E45079C62A9CAC930066A313 /* FeedStore.xcdatamodeld in Sources */,
				E4EC07712A8E460600CEAF0D /* LocalFeedImage.swift in Sources */,
				E48221BC2B053C74007043DA /* CoreDataFeedStore+FeedStore.swift in Sources */,
				E490F5592AD6B7F100B17FC8 /* FeedViewModel.swift in Sources */,
				E45EA4F92A8E140B00518AAF /* LocalFeedLoader.swift in Sources */,
				E4A448D32A824D0F001E12FD /* HTTPClientProtocol.swift in Sources */,
				E4EC076D2A8E2F6200CEAF0D /* FeedStoreProtocol.swift in Sources */,
				E431A73F2A7A49F5007723DD /* FeedImage.swift in Sources */,
				E48221A72B04AF3B007043DA /* FeedImageDataStore.swift in Sources */,
				E490F5562AD6B57F00B17FC8 /* FeedPresenter.swift in Sources */,
				E49276612A8514980009E424 /* URLSessionHTTPClient.swift in Sources */,
				E4C62C452B03C8AD008E820C /* HTTPURLResponse+StatusCode.swift in Sources */,
				E45079CD2A9CCF4D0066A313 /* ManagedCache.swift in Sources */,
				E4EEFC292A9C907100924EB6 /* CoreDataFeedStore.swift in Sources */,
				E490F55D2AD6B85B00B17FC8 /* FeedErrorViewModel.swift in Sources */,
				E40D18462AD9585B00C0CC17 /* FeedImageDataLoader.swift in Sources */,
				E490F55B2AD6B82D00B17FC8 /* FeedLoadingViewModel.swift in Sources */,
				E48221A92B04AF7A007043DA /* LocalFeedImageDataLoader.swift in Sources */,
				E48221BA2B053535007043DA /* CoreDataFeedStore+FeedImageDataLoader.swift in Sources */,
				E490F5632AD6E6B200B17FC8 /* FeedImagePresenter.swift in Sources */,
				E45079CF2A9CCF940066A313 /* ManagedFeedImage.swift in Sources */,
			);
			runOnlyForDeploymentPostprocessing = 0;
		};
		E431A72A2A7A49D6007723DD /* Sources */ = {
			isa = PBXSourcesBuildPhase;
			buildActionMask = 2147483647;
			files = (
				E42B04332A98D1D7006139EB /* FeedStoreSpecsProtocols.swift in Sources */,
				E468333B2B03D12900F097E7 /* LoadFeedImageDataFromCacheUseCaseTests.swift in Sources */,
				E48221AD2B04D4BE007043DA /* CacheFeedImageDataUseCaseTests.swift in Sources */,
				E4C62C422B039622008E820C /* HTTPClientSpy.swift in Sources */,
				E431A7462A7A68C8007723DD /* LoadFeedFromRemoteUseCaseTests.swift in Sources */,
				E462FCBC2A84D3FB00A1B9F8 /* XCTestCase+MemoryLeakTracker.swift in Sources */,
				E471C5892A83813300148917 /* URLSessionHTTPClientTests.swift in Sources */,
				E49EA9582AD44D0A00DC4251 /* FeedPresenterTests.swift in Sources */,
				E46856FA2A8CED2A0040C5F5 /* CacheFeedUseCaseTests.swift in Sources */,
				E4D09A622B022DEC00468576 /* LoadFeedImageDataFromRemoteUseCaseTests.swift in Sources */,
				E4EEFC262A9C8A0900924EB6 /* CoreDataFeedStoreTests.swift in Sources */,
				E4862A082A9388F8007C2ACD /* ValidateFeedCacheUseCaseTests.swift in Sources */,
				E490F55E2AD6BD3B00B17FC8 /* FeedLocalizationTests.swift in Sources */,
				E48221AB2B04D1C2007043DA /* FeedImageDataStoreSpy.swift in Sources */,
				E48221AF2B051AC0007043DA /* CoreDataFeedImageDataStoreTests.swift in Sources */,
				E42B04352A98D3E9006139EB /* XCTestCase+FeedStoreSpecsProtocolsHelpers.swift in Sources */,
				E490F5602AD6BF7A00B17FC8 /* FeedImagePresenterTests.swift in Sources */,
				E4C62C482B03CA93008E820C /* URLProtocolStub.swift in Sources */,
				E42F7CBA2A8F5BD1007BEE78 /* FeedStoreSpy.swift in Sources */,
				E42F7CB72A8F597C007BEE78 /* LoadFeedFromCacheUseCaseTests.swift in Sources */,
				E4862A0C2A9391A7007C2ACD /* SharedTestsHelpers.swift in Sources */,
				E4862A0A2A939022007C2ACD /* FeedCacheTestsHelpers.swift in Sources */,
			);
			runOnlyForDeploymentPostprocessing = 0;
		};
		E442DBE02A9DDDC3001AA1E7 /* Sources */ = {
			isa = PBXSourcesBuildPhase;
			buildActionMask = 2147483647;
			files = (
				E4DA022D2A9E091D003DD3FC /* SharedTestsHelpers.swift in Sources */,
				E442DBE72A9DDDC3001AA1E7 /* EssentialFeedJorgeCacheIntegrationTests.swift in Sources */,
				E442DBEF2A9DE23B001AA1E7 /* XCTestCase+MemoryLeakTracker.swift in Sources */,
				E4DA022C2A9E090A003DD3FC /* FeedCacheTestsHelpers.swift in Sources */,
			);
			runOnlyForDeploymentPostprocessing = 0;
		};
		E4C653612AB05F11007DA9F4 /* Sources */ = {
			isa = PBXSourcesBuildPhase;
			buildActionMask = 2147483647;
			files = (
				E419EDD52AD5768A00CD51F0 /* ErrorView.swift in Sources */,
				E419EDDA2AD5AED400CD51F0 /* UIRefreshControl+Helpers.swift in Sources */,
				E4CE78D72AB31CD20060E7BE /* UIView+Shimmering.swift in Sources */,
				E4D5E2D42AB8A76C003334DB /* UITableView+Dequeueing.swift in Sources */,
				E4D319AB2ABDB6AA00517A44 /* FeedLoaderPresentationAdapter.swift in Sources */,
				E4D319A72ABDB50D00517A44 /* WeakRefVirtualProxy.swift in Sources */,
				E4D5E2D62AB8A93A003334DB /* UIImageView+Animations.swift in Sources */,
				E4D319A52ABDB32600517A44 /* MainQueueDispatchDecorator.swift in Sources */,
				E4242E0A2AB0A81100785984 /* FeedViewController.swift in Sources */,
				E4F4CAA52AB1DECC00F522EB /* FeedImageTableViewCell.swift in Sources */,
				E4D319A92ABDB63200517A44 /* FeedImageDataLoaderPresentationAdapter.swift in Sources */,
				E4FA2DC52AB4690900CFE6CA /* FeedImageCellController.swift in Sources */,
				E4D319AD2ABDB70800517A44 /* FeedViewAdapter.swift in Sources */,
				E4FA2DC82AB46BBB00CFE6CA /* FeedUIComposer.swift in Sources */,
			);
			runOnlyForDeploymentPostprocessing = 0;
		};
		E4C653682AB05F11007DA9F4 /* Sources */ = {
			isa = PBXSourcesBuildPhase;
			buildActionMask = 2147483647;
			files = (
				E400220E2ABB249800D9C2EC /* FeedViewController+TestHelpers.swift in Sources */,
				E40022102ABB249800D9C2EC /* UIRefreshControl+TestHelpers.swift in Sources */,
				E40687522AB08CB500BCB67B /* XCTestCase+MemoryLeakTracker.swift in Sources */,
				E40022092ABB249800D9C2EC /* FeedImageCell+TestHelpers.swift in Sources */,
				E400220A2ABB249800D9C2EC /* FeedViewControllerTests+LoaderSpy.swift in Sources */,
				E400220C2ABB249800D9C2EC /* UIControl+TestHelpers.swift in Sources */,
				E400220F2ABB249800D9C2EC /* FeedViewControllerTests+Localization.swift in Sources */,
				E400220B2ABB249800D9C2EC /* UIImage+TestHelpers.swift in Sources */,
				E40022112ABB249800D9C2EC /* FeedUIIntegrationTests.swift in Sources */,
				E400220D2ABB249800D9C2EC /* FeedViewControllerTests+Assertions.swift in Sources */,
				E40022082ABB249800D9C2EC /* UIButton+TestHelpers.swift in Sources */,
			);
			runOnlyForDeploymentPostprocessing = 0;
		};
		E4DF32E82A8625D200A4F272 /* Sources */ = {
			isa = PBXSourcesBuildPhase;
			buildActionMask = 2147483647;
			files = (
				E4DF32EF2A8625D200A4F272 /* EssentialFeedJorgeAPIEndToEndTests.swift in Sources */,
				E4DF32F62A8639AF00A4F272 /* XCTestCase+MemoryLeakTracker.swift in Sources */,
			);
			runOnlyForDeploymentPostprocessing = 0;
		};
/* End PBXSourcesBuildPhase section */

/* Begin PBXTargetDependency section */
		E40687502AB08B7200BCB67B /* PBXTargetDependency */ = {
			isa = PBXTargetDependency;
			platformFilter = ios;
			target = E431A7252A7A49D6007723DD /* EssentialFeedJorge */;
			targetProxy = E406874F2AB08B7200BCB67B /* PBXContainerItemProxy */;
		};
		E431A7312A7A49D6007723DD /* PBXTargetDependency */ = {
			isa = PBXTargetDependency;
			target = E431A7252A7A49D6007723DD /* EssentialFeedJorge */;
			targetProxy = E431A7302A7A49D6007723DD /* PBXContainerItemProxy */;
		};
		E442DBEA2A9DDDC3001AA1E7 /* PBXTargetDependency */ = {
			isa = PBXTargetDependency;
			target = E431A7252A7A49D6007723DD /* EssentialFeedJorge */;
			targetProxy = E442DBE92A9DDDC3001AA1E7 /* PBXContainerItemProxy */;
		};
		E4C6536F2AB05F12007DA9F4 /* PBXTargetDependency */ = {
			isa = PBXTargetDependency;
			target = E4C653642AB05F11007DA9F4 /* EssentialFeedJorgeiOS */;
			targetProxy = E4C6536E2AB05F12007DA9F4 /* PBXContainerItemProxy */;
		};
		E4DF32F22A8625D200A4F272 /* PBXTargetDependency */ = {
			isa = PBXTargetDependency;
			target = E431A7252A7A49D6007723DD /* EssentialFeedJorge */;
			targetProxy = E4DF32F12A8625D200A4F272 /* PBXContainerItemProxy */;
		};
/* End PBXTargetDependency section */

/* Begin PBXVariantGroup section */
		E4E5B9DD2AD6B2B20083C361 /* Feed.strings */ = {
			isa = PBXVariantGroup;
			children = (
				E4E5B9DC2AD6B2B20083C361 /* en */,
				E4E5B9DE2AD6B2B40083C361 /* pt-BR */,
				E4E5B9DF2AD6B2B50083C361 /* es-419 */,
			);
			name = Feed.strings;
			sourceTree = "<group>";
		};
/* End PBXVariantGroup section */

/* Begin XCBuildConfiguration section */
		E431A7362A7A49D6007723DD /* Debug */ = {
			isa = XCBuildConfiguration;
			buildSettings = {
				ALWAYS_SEARCH_USER_PATHS = NO;
				CLANG_ANALYZER_LOCALIZABILITY_NONLOCALIZED = YES;
				CLANG_ANALYZER_NONNULL = YES;
				CLANG_ANALYZER_NUMBER_OBJECT_CONVERSION = YES_AGGRESSIVE;
				CLANG_CXX_LANGUAGE_STANDARD = "gnu++20";
				CLANG_ENABLE_MODULES = YES;
				CLANG_ENABLE_OBJC_ARC = YES;
				CLANG_ENABLE_OBJC_WEAK = YES;
				CLANG_WARN_BLOCK_CAPTURE_AUTORELEASING = YES;
				CLANG_WARN_BOOL_CONVERSION = YES;
				CLANG_WARN_COMMA = YES;
				CLANG_WARN_CONSTANT_CONVERSION = YES;
				CLANG_WARN_DEPRECATED_OBJC_IMPLEMENTATIONS = YES;
				CLANG_WARN_DIRECT_OBJC_ISA_USAGE = YES_ERROR;
				CLANG_WARN_DOCUMENTATION_COMMENTS = YES;
				CLANG_WARN_EMPTY_BODY = YES;
				CLANG_WARN_ENUM_CONVERSION = YES;
				CLANG_WARN_INFINITE_RECURSION = YES;
				CLANG_WARN_INT_CONVERSION = YES;
				CLANG_WARN_NON_LITERAL_NULL_CONVERSION = YES;
				CLANG_WARN_OBJC_IMPLICIT_RETAIN_SELF = YES;
				CLANG_WARN_OBJC_LITERAL_CONVERSION = YES;
				CLANG_WARN_OBJC_ROOT_CLASS = YES_ERROR;
				CLANG_WARN_QUOTED_INCLUDE_IN_FRAMEWORK_HEADER = YES;
				CLANG_WARN_RANGE_LOOP_ANALYSIS = YES;
				CLANG_WARN_STRICT_PROTOTYPES = YES;
				CLANG_WARN_SUSPICIOUS_MOVE = YES;
				CLANG_WARN_UNGUARDED_AVAILABILITY = YES_AGGRESSIVE;
				CLANG_WARN_UNREACHABLE_CODE = YES;
				CLANG_WARN__DUPLICATE_METHOD_MATCH = YES;
				COPY_PHASE_STRIP = NO;
				CURRENT_PROJECT_VERSION = 1;
				DEAD_CODE_STRIPPING = YES;
				DEBUG_INFORMATION_FORMAT = dwarf;
				ENABLE_STRICT_OBJC_MSGSEND = YES;
				ENABLE_TESTABILITY = YES;
				ENABLE_USER_SCRIPT_SANDBOXING = YES;
				GCC_C_LANGUAGE_STANDARD = gnu11;
				GCC_DYNAMIC_NO_PIC = NO;
				GCC_NO_COMMON_BLOCKS = YES;
				GCC_OPTIMIZATION_LEVEL = 0;
				GCC_PREPROCESSOR_DEFINITIONS = (
					"DEBUG=1",
					"$(inherited)",
				);
				GCC_WARN_64_TO_32_BIT_CONVERSION = YES;
				GCC_WARN_ABOUT_RETURN_TYPE = YES_ERROR;
				GCC_WARN_UNDECLARED_SELECTOR = YES;
				GCC_WARN_UNINITIALIZED_AUTOS = YES_AGGRESSIVE;
				GCC_WARN_UNUSED_FUNCTION = YES;
				GCC_WARN_UNUSED_VARIABLE = YES;
				MACOSX_DEPLOYMENT_TARGET = 13.3;
				MTL_ENABLE_DEBUG_INFO = INCLUDE_SOURCE;
				MTL_FAST_MATH = YES;
				ONLY_ACTIVE_ARCH = YES;
				SDKROOT = macosx;
				SWIFT_ACTIVE_COMPILATION_CONDITIONS = DEBUG;
				SWIFT_OPTIMIZATION_LEVEL = "-Onone";
				VERSIONING_SYSTEM = "apple-generic";
				VERSION_INFO_PREFIX = "";
			};
			name = Debug;
		};
		E431A7372A7A49D6007723DD /* Release */ = {
			isa = XCBuildConfiguration;
			buildSettings = {
				ALWAYS_SEARCH_USER_PATHS = NO;
				CLANG_ANALYZER_LOCALIZABILITY_NONLOCALIZED = YES;
				CLANG_ANALYZER_NONNULL = YES;
				CLANG_ANALYZER_NUMBER_OBJECT_CONVERSION = YES_AGGRESSIVE;
				CLANG_CXX_LANGUAGE_STANDARD = "gnu++20";
				CLANG_ENABLE_MODULES = YES;
				CLANG_ENABLE_OBJC_ARC = YES;
				CLANG_ENABLE_OBJC_WEAK = YES;
				CLANG_WARN_BLOCK_CAPTURE_AUTORELEASING = YES;
				CLANG_WARN_BOOL_CONVERSION = YES;
				CLANG_WARN_COMMA = YES;
				CLANG_WARN_CONSTANT_CONVERSION = YES;
				CLANG_WARN_DEPRECATED_OBJC_IMPLEMENTATIONS = YES;
				CLANG_WARN_DIRECT_OBJC_ISA_USAGE = YES_ERROR;
				CLANG_WARN_DOCUMENTATION_COMMENTS = YES;
				CLANG_WARN_EMPTY_BODY = YES;
				CLANG_WARN_ENUM_CONVERSION = YES;
				CLANG_WARN_INFINITE_RECURSION = YES;
				CLANG_WARN_INT_CONVERSION = YES;
				CLANG_WARN_NON_LITERAL_NULL_CONVERSION = YES;
				CLANG_WARN_OBJC_IMPLICIT_RETAIN_SELF = YES;
				CLANG_WARN_OBJC_LITERAL_CONVERSION = YES;
				CLANG_WARN_OBJC_ROOT_CLASS = YES_ERROR;
				CLANG_WARN_QUOTED_INCLUDE_IN_FRAMEWORK_HEADER = YES;
				CLANG_WARN_RANGE_LOOP_ANALYSIS = YES;
				CLANG_WARN_STRICT_PROTOTYPES = YES;
				CLANG_WARN_SUSPICIOUS_MOVE = YES;
				CLANG_WARN_UNGUARDED_AVAILABILITY = YES_AGGRESSIVE;
				CLANG_WARN_UNREACHABLE_CODE = YES;
				CLANG_WARN__DUPLICATE_METHOD_MATCH = YES;
				COPY_PHASE_STRIP = NO;
				CURRENT_PROJECT_VERSION = 1;
				DEAD_CODE_STRIPPING = YES;
				DEBUG_INFORMATION_FORMAT = "dwarf-with-dsym";
				ENABLE_NS_ASSERTIONS = NO;
				ENABLE_STRICT_OBJC_MSGSEND = YES;
				ENABLE_USER_SCRIPT_SANDBOXING = YES;
				GCC_C_LANGUAGE_STANDARD = gnu11;
				GCC_NO_COMMON_BLOCKS = YES;
				GCC_WARN_64_TO_32_BIT_CONVERSION = YES;
				GCC_WARN_ABOUT_RETURN_TYPE = YES_ERROR;
				GCC_WARN_UNDECLARED_SELECTOR = YES;
				GCC_WARN_UNINITIALIZED_AUTOS = YES_AGGRESSIVE;
				GCC_WARN_UNUSED_FUNCTION = YES;
				GCC_WARN_UNUSED_VARIABLE = YES;
				MACOSX_DEPLOYMENT_TARGET = 13.3;
				MTL_ENABLE_DEBUG_INFO = NO;
				MTL_FAST_MATH = YES;
				SDKROOT = macosx;
				SWIFT_COMPILATION_MODE = wholemodule;
				SWIFT_OPTIMIZATION_LEVEL = "-O";
				VERSIONING_SYSTEM = "apple-generic";
				VERSION_INFO_PREFIX = "";
			};
			name = Release;
		};
		E431A7392A7A49D6007723DD /* Debug */ = {
			isa = XCBuildConfiguration;
			buildSettings = {
				CLANG_ENABLE_MODULES = YES;
				CODE_SIGN_IDENTITY = "";
				CODE_SIGN_STYLE = Automatic;
				COMBINE_HIDPI_IMAGES = YES;
				CURRENT_PROJECT_VERSION = 1;
				DEAD_CODE_STRIPPING = YES;
				DEFINES_MODULE = YES;
				DEVELOPMENT_TEAM = 7B98K56955;
				DYLIB_COMPATIBILITY_VERSION = 1;
				DYLIB_CURRENT_VERSION = 1;
				DYLIB_INSTALL_NAME_BASE = "@rpath";
				ENABLE_MODULE_VERIFIER = YES;
				GENERATE_INFOPLIST_FILE = YES;
				INFOPLIST_KEY_NSHumanReadableCopyright = "";
				INSTALL_PATH = "$(LOCAL_LIBRARY_DIR)/Frameworks";
				IPHONEOS_DEPLOYMENT_TARGET = 16.4;
				LD_RUNPATH_SEARCH_PATHS = (
					"$(inherited)",
					"@executable_path/../Frameworks",
					"@loader_path/Frameworks",
				);
				MARKETING_VERSION = 1.0;
				MODULE_VERIFIER_SUPPORTED_LANGUAGES = "objective-c objective-c++";
				MODULE_VERIFIER_SUPPORTED_LANGUAGE_STANDARDS = "gnu11 gnu++20";
				PRODUCT_BUNDLE_IDENTIFIER = jfuentescasillas.EssentialFeedJorge;
				PRODUCT_NAME = "$(TARGET_NAME:c99extidentifier)";
				SKIP_INSTALL = YES;
				SUPPORTED_PLATFORMS = "macosx iphoneos iphonesimulator";
				SWIFT_EMIT_LOC_STRINGS = YES;
				SWIFT_OPTIMIZATION_LEVEL = "-Onone";
				SWIFT_VERSION = 5.0;
			};
			name = Debug;
		};
		E431A73A2A7A49D6007723DD /* Release */ = {
			isa = XCBuildConfiguration;
			buildSettings = {
				CLANG_ENABLE_MODULES = YES;
				CODE_SIGN_IDENTITY = "";
				CODE_SIGN_STYLE = Automatic;
				COMBINE_HIDPI_IMAGES = YES;
				CURRENT_PROJECT_VERSION = 1;
				DEAD_CODE_STRIPPING = YES;
				DEFINES_MODULE = YES;
				DEVELOPMENT_TEAM = 7B98K56955;
				DYLIB_COMPATIBILITY_VERSION = 1;
				DYLIB_CURRENT_VERSION = 1;
				DYLIB_INSTALL_NAME_BASE = "@rpath";
				ENABLE_MODULE_VERIFIER = YES;
				GENERATE_INFOPLIST_FILE = YES;
				INFOPLIST_KEY_NSHumanReadableCopyright = "";
				INSTALL_PATH = "$(LOCAL_LIBRARY_DIR)/Frameworks";
				IPHONEOS_DEPLOYMENT_TARGET = 16.4;
				LD_RUNPATH_SEARCH_PATHS = (
					"$(inherited)",
					"@executable_path/../Frameworks",
					"@loader_path/Frameworks",
				);
				MARKETING_VERSION = 1.0;
				MODULE_VERIFIER_SUPPORTED_LANGUAGES = "objective-c objective-c++";
				MODULE_VERIFIER_SUPPORTED_LANGUAGE_STANDARDS = "gnu11 gnu++20";
				PRODUCT_BUNDLE_IDENTIFIER = jfuentescasillas.EssentialFeedJorge;
				PRODUCT_NAME = "$(TARGET_NAME:c99extidentifier)";
				SKIP_INSTALL = YES;
				SUPPORTED_PLATFORMS = "macosx iphoneos iphonesimulator";
				SWIFT_EMIT_LOC_STRINGS = YES;
				SWIFT_VERSION = 5.0;
			};
			name = Release;
		};
		E431A73C2A7A49D6007723DD /* Debug */ = {
			isa = XCBuildConfiguration;
			buildSettings = {
				ALWAYS_EMBED_SWIFT_STANDARD_LIBRARIES = YES;
				CODE_SIGN_STYLE = Automatic;
				CURRENT_PROJECT_VERSION = 1;
				DEAD_CODE_STRIPPING = YES;
				DEVELOPMENT_TEAM = 7B98K56955;
				GENERATE_INFOPLIST_FILE = YES;
				MARKETING_VERSION = 1.0;
				PRODUCT_BUNDLE_IDENTIFIER = jfuentescasillas.EssentialFeedJorgeTests;
				PRODUCT_NAME = "$(TARGET_NAME)";
				SUPPORTED_PLATFORMS = "macosx iphoneos iphonesimulator";
				SWIFT_EMIT_LOC_STRINGS = NO;
				SWIFT_VERSION = 5.0;
			};
			name = Debug;
		};
		E431A73D2A7A49D6007723DD /* Release */ = {
			isa = XCBuildConfiguration;
			buildSettings = {
				ALWAYS_EMBED_SWIFT_STANDARD_LIBRARIES = YES;
				CODE_SIGN_STYLE = Automatic;
				CURRENT_PROJECT_VERSION = 1;
				DEAD_CODE_STRIPPING = YES;
				DEVELOPMENT_TEAM = 7B98K56955;
				GENERATE_INFOPLIST_FILE = YES;
				MARKETING_VERSION = 1.0;
				PRODUCT_BUNDLE_IDENTIFIER = jfuentescasillas.EssentialFeedJorgeTests;
				PRODUCT_NAME = "$(TARGET_NAME)";
				SUPPORTED_PLATFORMS = "macosx iphoneos iphonesimulator";
				SWIFT_EMIT_LOC_STRINGS = NO;
				SWIFT_VERSION = 5.0;
			};
			name = Release;
		};
		E442DBEB2A9DDDC3001AA1E7 /* Debug */ = {
			isa = XCBuildConfiguration;
			buildSettings = {
				CODE_SIGN_STYLE = Automatic;
				CURRENT_PROJECT_VERSION = 1;
				DEAD_CODE_STRIPPING = YES;
				DEVELOPMENT_TEAM = 7B98K56955;
				GENERATE_INFOPLIST_FILE = YES;
				MARKETING_VERSION = 1.0;
				PRODUCT_BUNDLE_IDENTIFIER = jfuentescasillas.EssentialFeedJorgeCacheIntegrationTests;
				PRODUCT_NAME = "$(TARGET_NAME)";
				SUPPORTED_PLATFORMS = "macosx iphonesimulator iphoneos";
				SWIFT_EMIT_LOC_STRINGS = NO;
				SWIFT_VERSION = 5.0;
			};
			name = Debug;
		};
		E442DBEC2A9DDDC3001AA1E7 /* Release */ = {
			isa = XCBuildConfiguration;
			buildSettings = {
				CODE_SIGN_STYLE = Automatic;
				CURRENT_PROJECT_VERSION = 1;
				DEAD_CODE_STRIPPING = YES;
				DEVELOPMENT_TEAM = 7B98K56955;
				GENERATE_INFOPLIST_FILE = YES;
				MARKETING_VERSION = 1.0;
				PRODUCT_BUNDLE_IDENTIFIER = jfuentescasillas.EssentialFeedJorgeCacheIntegrationTests;
				PRODUCT_NAME = "$(TARGET_NAME)";
				SUPPORTED_PLATFORMS = "macosx iphonesimulator iphoneos";
				SWIFT_EMIT_LOC_STRINGS = NO;
				SWIFT_VERSION = 5.0;
			};
			name = Release;
		};
		E4C653742AB05F12007DA9F4 /* Debug */ = {
			isa = XCBuildConfiguration;
			buildSettings = {
				CLANG_ENABLE_MODULES = YES;
				CODE_SIGN_IDENTITY = "";
				CODE_SIGN_STYLE = Automatic;
				CURRENT_PROJECT_VERSION = 1;
				DEFINES_MODULE = YES;
				DEVELOPMENT_TEAM = 7B98K56955;
				DYLIB_COMPATIBILITY_VERSION = 1;
				DYLIB_CURRENT_VERSION = 1;
				DYLIB_INSTALL_NAME_BASE = "@rpath";
				ENABLE_MODULE_VERIFIER = YES;
				GENERATE_INFOPLIST_FILE = YES;
				INFOPLIST_KEY_NSHumanReadableCopyright = "";
				INSTALL_PATH = "$(LOCAL_LIBRARY_DIR)/Frameworks";
				IPHONEOS_DEPLOYMENT_TARGET = 16.4;
				LD_RUNPATH_SEARCH_PATHS = (
					"$(inherited)",
					"@executable_path/Frameworks",
					"@loader_path/Frameworks",
				);
				MARKETING_VERSION = 1.0;
				MODULE_VERIFIER_SUPPORTED_LANGUAGES = "objective-c objective-c++";
				MODULE_VERIFIER_SUPPORTED_LANGUAGE_STANDARDS = "gnu11 gnu++20";
				PRODUCT_BUNDLE_IDENTIFIER = jfuentescasillas.EssentialFeedJorgeiOS;
				PRODUCT_NAME = "$(TARGET_NAME:c99extidentifier)";
				SDKROOT = iphoneos;
				SKIP_INSTALL = YES;
				SWIFT_EMIT_LOC_STRINGS = YES;
				SWIFT_OPTIMIZATION_LEVEL = "-Onone";
				SWIFT_VERSION = 5.0;
				TARGETED_DEVICE_FAMILY = "1,2";
			};
			name = Debug;
		};
		E4C653752AB05F12007DA9F4 /* Release */ = {
			isa = XCBuildConfiguration;
			buildSettings = {
				CLANG_ENABLE_MODULES = YES;
				CODE_SIGN_IDENTITY = "";
				CODE_SIGN_STYLE = Automatic;
				CURRENT_PROJECT_VERSION = 1;
				DEFINES_MODULE = YES;
				DEVELOPMENT_TEAM = 7B98K56955;
				DYLIB_COMPATIBILITY_VERSION = 1;
				DYLIB_CURRENT_VERSION = 1;
				DYLIB_INSTALL_NAME_BASE = "@rpath";
				ENABLE_MODULE_VERIFIER = YES;
				GENERATE_INFOPLIST_FILE = YES;
				INFOPLIST_KEY_NSHumanReadableCopyright = "";
				INSTALL_PATH = "$(LOCAL_LIBRARY_DIR)/Frameworks";
				IPHONEOS_DEPLOYMENT_TARGET = 16.4;
				LD_RUNPATH_SEARCH_PATHS = (
					"$(inherited)",
					"@executable_path/Frameworks",
					"@loader_path/Frameworks",
				);
				MARKETING_VERSION = 1.0;
				MODULE_VERIFIER_SUPPORTED_LANGUAGES = "objective-c objective-c++";
				MODULE_VERIFIER_SUPPORTED_LANGUAGE_STANDARDS = "gnu11 gnu++20";
				PRODUCT_BUNDLE_IDENTIFIER = jfuentescasillas.EssentialFeedJorgeiOS;
				PRODUCT_NAME = "$(TARGET_NAME:c99extidentifier)";
				SDKROOT = iphoneos;
				SKIP_INSTALL = YES;
				SWIFT_EMIT_LOC_STRINGS = YES;
				SWIFT_VERSION = 5.0;
				TARGETED_DEVICE_FAMILY = "1,2";
				VALIDATE_PRODUCT = YES;
			};
			name = Release;
		};
		E4C653762AB05F12007DA9F4 /* Debug */ = {
			isa = XCBuildConfiguration;
			buildSettings = {
				ALWAYS_EMBED_SWIFT_STANDARD_LIBRARIES = YES;
				CLANG_ENABLE_MODULES = YES;
				CODE_SIGN_STYLE = Automatic;
				CURRENT_PROJECT_VERSION = 1;
				DEVELOPMENT_TEAM = 7B98K56955;
				GENERATE_INFOPLIST_FILE = YES;
				IPHONEOS_DEPLOYMENT_TARGET = 16.4;
				MARKETING_VERSION = 1.0;
				PRODUCT_BUNDLE_IDENTIFIER = jfuentescasillas.EssentialFeedJorgeiOSTests;
				PRODUCT_NAME = "$(TARGET_NAME)";
				SDKROOT = iphoneos;
				SWIFT_EMIT_LOC_STRINGS = NO;
				SWIFT_OBJC_BRIDGING_HEADER = "EssentialFeedJorgeiOSTests/EssentialFeedJorgeiOSTests-Bridging-Header.h";
				SWIFT_OPTIMIZATION_LEVEL = "-Onone";
				SWIFT_VERSION = 5.0;
				TARGETED_DEVICE_FAMILY = "1,2";
			};
			name = Debug;
		};
		E4C653772AB05F12007DA9F4 /* Release */ = {
			isa = XCBuildConfiguration;
			buildSettings = {
				ALWAYS_EMBED_SWIFT_STANDARD_LIBRARIES = YES;
				CLANG_ENABLE_MODULES = YES;
				CODE_SIGN_STYLE = Automatic;
				CURRENT_PROJECT_VERSION = 1;
				DEVELOPMENT_TEAM = 7B98K56955;
				GENERATE_INFOPLIST_FILE = YES;
				IPHONEOS_DEPLOYMENT_TARGET = 16.4;
				MARKETING_VERSION = 1.0;
				PRODUCT_BUNDLE_IDENTIFIER = jfuentescasillas.EssentialFeedJorgeiOSTests;
				PRODUCT_NAME = "$(TARGET_NAME)";
				SDKROOT = iphoneos;
				SWIFT_EMIT_LOC_STRINGS = NO;
				SWIFT_OBJC_BRIDGING_HEADER = "EssentialFeedJorgeiOSTests/EssentialFeedJorgeiOSTests-Bridging-Header.h";
				SWIFT_VERSION = 5.0;
				TARGETED_DEVICE_FAMILY = "1,2";
				VALIDATE_PRODUCT = YES;
			};
			name = Release;
		};
		E4DF32F32A8625D200A4F272 /* Debug */ = {
			isa = XCBuildConfiguration;
			buildSettings = {
				CODE_SIGN_STYLE = Automatic;
				CURRENT_PROJECT_VERSION = 1;
				DEAD_CODE_STRIPPING = YES;
				DEVELOPMENT_TEAM = 7B98K56955;
				GENERATE_INFOPLIST_FILE = YES;
				MARKETING_VERSION = 1.0;
				PRODUCT_BUNDLE_IDENTIFIER = jfuentescasillas.EssentialFeedJorgeAPIEndToEndTests;
				PRODUCT_NAME = "$(TARGET_NAME)";
				SUPPORTED_PLATFORMS = "macosx iphoneos iphonesimulator";
				SWIFT_EMIT_LOC_STRINGS = NO;
				SWIFT_VERSION = 5.0;
			};
			name = Debug;
		};
		E4DF32F42A8625D200A4F272 /* Release */ = {
			isa = XCBuildConfiguration;
			buildSettings = {
				CODE_SIGN_STYLE = Automatic;
				CURRENT_PROJECT_VERSION = 1;
				DEAD_CODE_STRIPPING = YES;
				DEVELOPMENT_TEAM = 7B98K56955;
				GENERATE_INFOPLIST_FILE = YES;
				MARKETING_VERSION = 1.0;
				PRODUCT_BUNDLE_IDENTIFIER = jfuentescasillas.EssentialFeedJorgeAPIEndToEndTests;
				PRODUCT_NAME = "$(TARGET_NAME)";
				SUPPORTED_PLATFORMS = "macosx iphoneos iphonesimulator";
				SWIFT_EMIT_LOC_STRINGS = NO;
				SWIFT_VERSION = 5.0;
			};
			name = Release;
		};
/* End XCBuildConfiguration section */

/* Begin XCConfigurationList section */
		E431A7202A7A49D6007723DD /* Build configuration list for PBXProject "EssentialFeedJorge" */ = {
			isa = XCConfigurationList;
			buildConfigurations = (
				E431A7362A7A49D6007723DD /* Debug */,
				E431A7372A7A49D6007723DD /* Release */,
			);
			defaultConfigurationIsVisible = 0;
			defaultConfigurationName = Release;
		};
		E431A7382A7A49D6007723DD /* Build configuration list for PBXNativeTarget "EssentialFeedJorge" */ = {
			isa = XCConfigurationList;
			buildConfigurations = (
				E431A7392A7A49D6007723DD /* Debug */,
				E431A73A2A7A49D6007723DD /* Release */,
			);
			defaultConfigurationIsVisible = 0;
			defaultConfigurationName = Release;
		};
		E431A73B2A7A49D6007723DD /* Build configuration list for PBXNativeTarget "EssentialFeedJorgeTests" */ = {
			isa = XCConfigurationList;
			buildConfigurations = (
				E431A73C2A7A49D6007723DD /* Debug */,
				E431A73D2A7A49D6007723DD /* Release */,
			);
			defaultConfigurationIsVisible = 0;
			defaultConfigurationName = Release;
		};
		E442DBED2A9DDDC3001AA1E7 /* Build configuration list for PBXNativeTarget "EssentialFeedJorgeCacheIntegrationTests" */ = {
			isa = XCConfigurationList;
			buildConfigurations = (
				E442DBEB2A9DDDC3001AA1E7 /* Debug */,
				E442DBEC2A9DDDC3001AA1E7 /* Release */,
			);
			defaultConfigurationIsVisible = 0;
			defaultConfigurationName = Release;
		};
		E4C653782AB05F12007DA9F4 /* Build configuration list for PBXNativeTarget "EssentialFeedJorgeiOS" */ = {
			isa = XCConfigurationList;
			buildConfigurations = (
				E4C653742AB05F12007DA9F4 /* Debug */,
				E4C653752AB05F12007DA9F4 /* Release */,
			);
			defaultConfigurationIsVisible = 0;
			defaultConfigurationName = Release;
		};
		E4C653792AB05F12007DA9F4 /* Build configuration list for PBXNativeTarget "EssentialFeedJorgeiOSTests" */ = {
			isa = XCConfigurationList;
			buildConfigurations = (
				E4C653762AB05F12007DA9F4 /* Debug */,
				E4C653772AB05F12007DA9F4 /* Release */,
			);
			defaultConfigurationIsVisible = 0;
			defaultConfigurationName = Release;
		};
		E4DF32F52A8625D200A4F272 /* Build configuration list for PBXNativeTarget "EssentialFeedJorgeAPIEndToEndTests" */ = {
			isa = XCConfigurationList;
			buildConfigurations = (
				E4DF32F32A8625D200A4F272 /* Debug */,
				E4DF32F42A8625D200A4F272 /* Release */,
			);
			defaultConfigurationIsVisible = 0;
			defaultConfigurationName = Release;
		};
/* End XCConfigurationList section */

/* Begin XCVersionGroup section */
		E45079C42A9CAC930066A313 /* FeedStore.xcdatamodeld */ = {
			isa = XCVersionGroup;
			children = (
				E45079C52A9CAC930066A313 /* FeedStore.xcdatamodel */,
			);
			currentVersion = E45079C52A9CAC930066A313 /* FeedStore.xcdatamodel */;
			path = FeedStore.xcdatamodeld;
			sourceTree = "<group>";
			versionGroupType = wrapper.xcdatamodel;
		};
/* End XCVersionGroup section */
	};
	rootObject = E431A71D2A7A49D6007723DD /* Project object */;
}
