// !$*UTF8*$!
{
	archiveVersion = 1;
	classes = {
	};
	objectVersion = 56;
	objects = {

/* Begin PBXBuildFile section */
		E47D078C2B0683F5005D8179 /* FeedLoaderWithFallbackCompositeTests.swift in Sources */ = {isa = PBXBuildFile; fileRef = E47D078B2B0683F5005D8179 /* FeedLoaderWithFallbackCompositeTests.swift */; };
		E48654C92B0627AC007C85AF /* EssentialFeedJorge.framework in Frameworks */ = {isa = PBXBuildFile; fileRef = E48654C72B0627AC007C85AF /* EssentialFeedJorge.framework */; };
		E48654CA2B0627AC007C85AF /* EssentialFeedJorge.framework in Embed Frameworks */ = {isa = PBXBuildFile; fileRef = E48654C72B0627AC007C85AF /* EssentialFeedJorge.framework */; settings = {ATTRIBUTES = (CodeSignOnCopy, RemoveHeadersOnCopy, ); }; };
		E48654CB2B0627AC007C85AF /* EssentialFeedJorgeiOS.framework in Frameworks */ = {isa = PBXBuildFile; fileRef = E48654C82B0627AC007C85AF /* EssentialFeedJorgeiOS.framework */; };
		E48654CC2B0627AC007C85AF /* EssentialFeedJorgeiOS.framework in Embed Frameworks */ = {isa = PBXBuildFile; fileRef = E48654C82B0627AC007C85AF /* EssentialFeedJorgeiOS.framework */; settings = {ATTRIBUTES = (CodeSignOnCopy, RemoveHeadersOnCopy, ); }; };
		E48705C52B06257400C231DB /* AppDelegate.swift in Sources */ = {isa = PBXBuildFile; fileRef = E48705C42B06257400C231DB /* AppDelegate.swift */; };
		E48705C72B06257400C231DB /* SceneDelegate.swift in Sources */ = {isa = PBXBuildFile; fileRef = E48705C62B06257400C231DB /* SceneDelegate.swift */; };
		E48705C92B06257400C231DB /* ViewController.swift in Sources */ = {isa = PBXBuildFile; fileRef = E48705C82B06257400C231DB /* ViewController.swift */; };
		E48705CC2B06257400C231DB /* Main.storyboard in Resources */ = {isa = PBXBuildFile; fileRef = E48705CA2B06257400C231DB /* Main.storyboard */; };
		E48705CE2B06257400C231DB /* Assets.xcassets in Resources */ = {isa = PBXBuildFile; fileRef = E48705CD2B06257400C231DB /* Assets.xcassets */; };
		E48705D12B06257400C231DB /* LaunchScreen.storyboard in Resources */ = {isa = PBXBuildFile; fileRef = E48705CF2B06257400C231DB /* LaunchScreen.storyboard */; };
		E48705E62B06257400C231DB /* EssentialAppJorgeUITests.swift in Sources */ = {isa = PBXBuildFile; fileRef = E48705E52B06257400C231DB /* EssentialAppJorgeUITests.swift */; };
		E48705E82B06257400C231DB /* EssentialAppJorgeUITestsLaunchTests.swift in Sources */ = {isa = PBXBuildFile; fileRef = E48705E72B06257400C231DB /* EssentialAppJorgeUITestsLaunchTests.swift */; };
/* End PBXBuildFile section */

/* Begin PBXContainerItemProxy section */
		E48705D82B06257400C231DB /* PBXContainerItemProxy */ = {
			isa = PBXContainerItemProxy;
			containerPortal = E48705B92B06257400C231DB /* Project object */;
			proxyType = 1;
			remoteGlobalIDString = E48705C02B06257400C231DB;
			remoteInfo = EssentialAppJorge;
		};
		E48705E22B06257400C231DB /* PBXContainerItemProxy */ = {
			isa = PBXContainerItemProxy;
			containerPortal = E48705B92B06257400C231DB /* Project object */;
			proxyType = 1;
			remoteGlobalIDString = E48705C02B06257400C231DB;
			remoteInfo = EssentialAppJorge;
		};
/* End PBXContainerItemProxy section */

/* Begin PBXCopyFilesBuildPhase section */
		E48654CD2B0627AC007C85AF /* Embed Frameworks */ = {
			isa = PBXCopyFilesBuildPhase;
			buildActionMask = 2147483647;
			dstPath = "";
			dstSubfolderSpec = 10;
			files = (
				E48654CA2B0627AC007C85AF /* EssentialFeedJorge.framework in Embed Frameworks */,
				E48654CC2B0627AC007C85AF /* EssentialFeedJorgeiOS.framework in Embed Frameworks */,
			);
			name = "Embed Frameworks";
			runOnlyForDeploymentPostprocessing = 0;
		};
/* End PBXCopyFilesBuildPhase section */

/* Begin PBXFileReference section */
		E47D078A2B0673D0005D8179 /* EssentialAppJorge.xctestplan */ = {isa = PBXFileReference; lastKnownFileType = text; path = EssentialAppJorge.xctestplan; sourceTree = "<group>"; };
		E47D078B2B0683F5005D8179 /* FeedLoaderWithFallbackCompositeTests.swift */ = {isa = PBXFileReference; lastKnownFileType = sourcecode.swift; path = FeedLoaderWithFallbackCompositeTests.swift; sourceTree = "<group>"; };
		E48654C72B0627AC007C85AF /* EssentialFeedJorge.framework */ = {isa = PBXFileReference; explicitFileType = wrapper.framework; path = EssentialFeedJorge.framework; sourceTree = BUILT_PRODUCTS_DIR; };
		E48654C82B0627AC007C85AF /* EssentialFeedJorgeiOS.framework */ = {isa = PBXFileReference; explicitFileType = wrapper.framework; path = EssentialFeedJorgeiOS.framework; sourceTree = BUILT_PRODUCTS_DIR; };
		E48705C12B06257400C231DB /* EssentialAppJorge.app */ = {isa = PBXFileReference; explicitFileType = wrapper.application; includeInIndex = 0; path = EssentialAppJorge.app; sourceTree = BUILT_PRODUCTS_DIR; };
		E48705C42B06257400C231DB /* AppDelegate.swift */ = {isa = PBXFileReference; lastKnownFileType = sourcecode.swift; path = AppDelegate.swift; sourceTree = "<group>"; };
		E48705C62B06257400C231DB /* SceneDelegate.swift */ = {isa = PBXFileReference; lastKnownFileType = sourcecode.swift; path = SceneDelegate.swift; sourceTree = "<group>"; };
		E48705C82B06257400C231DB /* ViewController.swift */ = {isa = PBXFileReference; lastKnownFileType = sourcecode.swift; path = ViewController.swift; sourceTree = "<group>"; };
		E48705CB2B06257400C231DB /* Base */ = {isa = PBXFileReference; lastKnownFileType = file.storyboard; name = Base; path = Base.lproj/Main.storyboard; sourceTree = "<group>"; };
		E48705CD2B06257400C231DB /* Assets.xcassets */ = {isa = PBXFileReference; lastKnownFileType = folder.assetcatalog; path = Assets.xcassets; sourceTree = "<group>"; };
		E48705D02B06257400C231DB /* Base */ = {isa = PBXFileReference; lastKnownFileType = file.storyboard; name = Base; path = Base.lproj/LaunchScreen.storyboard; sourceTree = "<group>"; };
		E48705D22B06257400C231DB /* Info.plist */ = {isa = PBXFileReference; lastKnownFileType = text.plist.xml; path = Info.plist; sourceTree = "<group>"; };
		E48705D72B06257400C231DB /* EssentialAppJorgeTests.xctest */ = {isa = PBXFileReference; explicitFileType = wrapper.cfbundle; includeInIndex = 0; path = EssentialAppJorgeTests.xctest; sourceTree = BUILT_PRODUCTS_DIR; };
		E48705E12B06257400C231DB /* EssentialAppJorgeUITests.xctest */ = {isa = PBXFileReference; explicitFileType = wrapper.cfbundle; includeInIndex = 0; path = EssentialAppJorgeUITests.xctest; sourceTree = BUILT_PRODUCTS_DIR; };
		E48705E52B06257400C231DB /* EssentialAppJorgeUITests.swift */ = {isa = PBXFileReference; lastKnownFileType = sourcecode.swift; path = EssentialAppJorgeUITests.swift; sourceTree = "<group>"; };
		E48705E72B06257400C231DB /* EssentialAppJorgeUITestsLaunchTests.swift */ = {isa = PBXFileReference; lastKnownFileType = sourcecode.swift; path = EssentialAppJorgeUITestsLaunchTests.swift; sourceTree = "<group>"; };
/* End PBXFileReference section */

/* Begin PBXFrameworksBuildPhase section */
		E48705BE2B06257400C231DB /* Frameworks */ = {
			isa = PBXFrameworksBuildPhase;
			buildActionMask = 2147483647;
			files = (
				E48654C92B0627AC007C85AF /* EssentialFeedJorge.framework in Frameworks */,
				E48654CB2B0627AC007C85AF /* EssentialFeedJorgeiOS.framework in Frameworks */,
			);
			runOnlyForDeploymentPostprocessing = 0;
		};
		E48705D42B06257400C231DB /* Frameworks */ = {
			isa = PBXFrameworksBuildPhase;
			buildActionMask = 2147483647;
			files = (
			);
			runOnlyForDeploymentPostprocessing = 0;
		};
		E48705DE2B06257400C231DB /* Frameworks */ = {
			isa = PBXFrameworksBuildPhase;
			buildActionMask = 2147483647;
			files = (
			);
			runOnlyForDeploymentPostprocessing = 0;
		};
/* End PBXFrameworksBuildPhase section */

/* Begin PBXGroup section */
		E48654C62B0627AC007C85AF /* Frameworks */ = {
			isa = PBXGroup;
			children = (
				E48654C72B0627AC007C85AF /* EssentialFeedJorge.framework */,
				E48654C82B0627AC007C85AF /* EssentialFeedJorgeiOS.framework */,
			);
			name = Frameworks;
			sourceTree = "<group>";
		};
		E48705B82B06257400C231DB = {
			isa = PBXGroup;
			children = (
				E47D078A2B0673D0005D8179 /* EssentialAppJorge.xctestplan */,
				E48705C32B06257400C231DB /* EssentialAppJorge */,
				E48705DA2B06257400C231DB /* EssentialAppJorgeTests */,
				E48705E42B06257400C231DB /* EssentialAppJorgeUITests */,
				E48705C22B06257400C231DB /* Products */,
				E48654C62B0627AC007C85AF /* Frameworks */,
			);
			sourceTree = "<group>";
		};
		E48705C22B06257400C231DB /* Products */ = {
			isa = PBXGroup;
			children = (
				E48705C12B06257400C231DB /* EssentialAppJorge.app */,
				E48705D72B06257400C231DB /* EssentialAppJorgeTests.xctest */,
				E48705E12B06257400C231DB /* EssentialAppJorgeUITests.xctest */,
			);
			name = Products;
			sourceTree = "<group>";
		};
		E48705C32B06257400C231DB /* EssentialAppJorge */ = {
			isa = PBXGroup;
			children = (
				E48705C42B06257400C231DB /* AppDelegate.swift */,
				E48705C62B06257400C231DB /* SceneDelegate.swift */,
				E48705C82B06257400C231DB /* ViewController.swift */,
				E48705CA2B06257400C231DB /* Main.storyboard */,
				E48705CD2B06257400C231DB /* Assets.xcassets */,
				E48705CF2B06257400C231DB /* LaunchScreen.storyboard */,
				E48705D22B06257400C231DB /* Info.plist */,
			);
			path = EssentialAppJorge;
			sourceTree = "<group>";
		};
		E48705DA2B06257400C231DB /* EssentialAppJorgeTests */ = {
			isa = PBXGroup;
			children = (
				E47D078B2B0683F5005D8179 /* FeedLoaderWithFallbackCompositeTests.swift */,
			);
			path = EssentialAppJorgeTests;
			sourceTree = "<group>";
		};
		E48705E42B06257400C231DB /* EssentialAppJorgeUITests */ = {
			isa = PBXGroup;
			children = (
				E48705E52B06257400C231DB /* EssentialAppJorgeUITests.swift */,
				E48705E72B06257400C231DB /* EssentialAppJorgeUITestsLaunchTests.swift */,
			);
			path = EssentialAppJorgeUITests;
			sourceTree = "<group>";
		};
/* End PBXGroup section */

/* Begin PBXNativeTarget section */
		E48705C02B06257400C231DB /* EssentialAppJorge */ = {
			isa = PBXNativeTarget;
			buildConfigurationList = E48705EB2B06257400C231DB /* Build configuration list for PBXNativeTarget "EssentialAppJorge" */;
			buildPhases = (
				E48705BD2B06257400C231DB /* Sources */,
				E48705BE2B06257400C231DB /* Frameworks */,
				E48705BF2B06257400C231DB /* Resources */,
				E48654CD2B0627AC007C85AF /* Embed Frameworks */,
			);
			buildRules = (
			);
			dependencies = (
			);
			name = EssentialAppJorge;
			productName = EssentialAppJorge;
			productReference = E48705C12B06257400C231DB /* EssentialAppJorge.app */;
			productType = "com.apple.product-type.application";
		};
		E48705D62B06257400C231DB /* EssentialAppJorgeTests */ = {
			isa = PBXNativeTarget;
			buildConfigurationList = E48705EE2B06257400C231DB /* Build configuration list for PBXNativeTarget "EssentialAppJorgeTests" */;
			buildPhases = (
				E48705D32B06257400C231DB /* Sources */,
				E48705D42B06257400C231DB /* Frameworks */,
				E48705D52B06257400C231DB /* Resources */,
			);
			buildRules = (
			);
			dependencies = (
				E48705D92B06257400C231DB /* PBXTargetDependency */,
			);
			name = EssentialAppJorgeTests;
			productName = EssentialAppJorgeTests;
			productReference = E48705D72B06257400C231DB /* EssentialAppJorgeTests.xctest */;
			productType = "com.apple.product-type.bundle.unit-test";
		};
		E48705E02B06257400C231DB /* EssentialAppJorgeUITests */ = {
			isa = PBXNativeTarget;
			buildConfigurationList = E48705F12B06257400C231DB /* Build configuration list for PBXNativeTarget "EssentialAppJorgeUITests" */;
			buildPhases = (
				E48705DD2B06257400C231DB /* Sources */,
				E48705DE2B06257400C231DB /* Frameworks */,
				E48705DF2B06257400C231DB /* Resources */,
			);
			buildRules = (
			);
			dependencies = (
				E48705E32B06257400C231DB /* PBXTargetDependency */,
			);
			name = EssentialAppJorgeUITests;
			productName = EssentialAppJorgeUITests;
			productReference = E48705E12B06257400C231DB /* EssentialAppJorgeUITests.xctest */;
			productType = "com.apple.product-type.bundle.ui-testing";
		};
/* End PBXNativeTarget section */

/* Begin PBXProject section */
		E48705B92B06257400C231DB /* Project object */ = {
			isa = PBXProject;
			attributes = {
				BuildIndependentTargetsInParallel = 1;
				LastSwiftUpdateCheck = 1430;
				LastUpgradeCheck = 1430;
				TargetAttributes = {
					E48705C02B06257400C231DB = {
						CreatedOnToolsVersion = 14.3.1;
					};
					E48705D62B06257400C231DB = {
						CreatedOnToolsVersion = 14.3.1;
						TestTargetID = E48705C02B06257400C231DB;
					};
					E48705E02B06257400C231DB = {
						CreatedOnToolsVersion = 14.3.1;
						TestTargetID = E48705C02B06257400C231DB;
					};
				};
			};
			buildConfigurationList = E48705BC2B06257400C231DB /* Build configuration list for PBXProject "EssentialAppJorge" */;
			compatibilityVersion = "Xcode 14.0";
			developmentRegion = en;
			hasScannedForEncodings = 0;
			knownRegions = (
				en,
				Base,
			);
			mainGroup = E48705B82B06257400C231DB;
			productRefGroup = E48705C22B06257400C231DB /* Products */;
			projectDirPath = "";
			projectRoot = "";
			targets = (
				E48705C02B06257400C231DB /* EssentialAppJorge */,
				E48705D62B06257400C231DB /* EssentialAppJorgeTests */,
				E48705E02B06257400C231DB /* EssentialAppJorgeUITests */,
			);
		};
/* End PBXProject section */

/* Begin PBXResourcesBuildPhase section */
		E48705BF2B06257400C231DB /* Resources */ = {
			isa = PBXResourcesBuildPhase;
			buildActionMask = 2147483647;
			files = (
				E48705D12B06257400C231DB /* LaunchScreen.storyboard in Resources */,
				E48705CE2B06257400C231DB /* Assets.xcassets in Resources */,
				E48705CC2B06257400C231DB /* Main.storyboard in Resources */,
			);
			runOnlyForDeploymentPostprocessing = 0;
		};
		E48705D52B06257400C231DB /* Resources */ = {
			isa = PBXResourcesBuildPhase;
			buildActionMask = 2147483647;
			files = (
			);
			runOnlyForDeploymentPostprocessing = 0;
		};
		E48705DF2B06257400C231DB /* Resources */ = {
			isa = PBXResourcesBuildPhase;
			buildActionMask = 2147483647;
			files = (
			);
			runOnlyForDeploymentPostprocessing = 0;
		};
/* End PBXResourcesBuildPhase section */

/* Begin PBXSourcesBuildPhase section */
		E48705BD2B06257400C231DB /* Sources */ = {
			isa = PBXSourcesBuildPhase;
			buildActionMask = 2147483647;
			files = (
				E48705C92B06257400C231DB /* ViewController.swift in Sources */,
				E48705C52B06257400C231DB /* AppDelegate.swift in Sources */,
				E48705C72B06257400C231DB /* SceneDelegate.swift in Sources */,
			);
			runOnlyForDeploymentPostprocessing = 0;
		};
		E48705D32B06257400C231DB /* Sources */ = {
			isa = PBXSourcesBuildPhase;
			buildActionMask = 2147483647;
			files = (
				E47D078C2B0683F5005D8179 /* FeedLoaderWithFallbackCompositeTests.swift in Sources */,
			);
			runOnlyForDeploymentPostprocessing = 0;
		};
		E48705DD2B06257400C231DB /* Sources */ = {
			isa = PBXSourcesBuildPhase;
			buildActionMask = 2147483647;
			files = (
				E48705E62B06257400C231DB /* EssentialAppJorgeUITests.swift in Sources */,
				E48705E82B06257400C231DB /* EssentialAppJorgeUITestsLaunchTests.swift in Sources */,
			);
			runOnlyForDeploymentPostprocessing = 0;
		};
/* End PBXSourcesBuildPhase section */

/* Begin PBXTargetDependency section */
		E48705D92B06257400C231DB /* PBXTargetDependency */ = {
			isa = PBXTargetDependency;
			target = E48705C02B06257400C231DB /* EssentialAppJorge */;
			targetProxy = E48705D82B06257400C231DB /* PBXContainerItemProxy */;
		};
		E48705E32B06257400C231DB /* PBXTargetDependency */ = {
			isa = PBXTargetDependency;
			target = E48705C02B06257400C231DB /* EssentialAppJorge */;
			targetProxy = E48705E22B06257400C231DB /* PBXContainerItemProxy */;
		};
/* End PBXTargetDependency section */

/* Begin PBXVariantGroup section */
		E48705CA2B06257400C231DB /* Main.storyboard */ = {
			isa = PBXVariantGroup;
			children = (
				E48705CB2B06257400C231DB /* Base */,
			);
			name = Main.storyboard;
			sourceTree = "<group>";
		};
		E48705CF2B06257400C231DB /* LaunchScreen.storyboard */ = {
			isa = PBXVariantGroup;
			children = (
				E48705D02B06257400C231DB /* Base */,
			);
			name = LaunchScreen.storyboard;
			sourceTree = "<group>";
		};
/* End PBXVariantGroup section */

/* Begin XCBuildConfiguration section */
		E48705E92B06257400C231DB /* Debug */ = {
			isa = XCBuildConfiguration;
			buildSettings = {
				ALWAYS_SEARCH_USER_PATHS = NO;
				CLANG_ANALYZER_NONNULL = YES;
				CLANG_ANALYZER_NUMBER_OBJECT_CONVERSION = YES_AGGRESSIVE;
				CLANG_CXX_LANGUAGE_STANDARD = "gnu++20";
				CLANG_ENABLE_MODULES = YES;
				CLANG_ENABLE_OBJC_ARC = YES;
				CLANG_ENABLE_OBJC_WEAK = YES;
				CLANG_WARN_BLOCK_CAPTURE_AUTORELEASING = YES;
				CLANG_WARN_BOOL_CONVERSION = YES;
				CLANG_WARN_COMMA = YES;
				CLANG_WARN_CONSTANT_CONVERSION = YES;
				CLANG_WARN_DEPRECATED_OBJC_IMPLEMENTATIONS = YES;
				CLANG_WARN_DIRECT_OBJC_ISA_USAGE = YES_ERROR;
				CLANG_WARN_DOCUMENTATION_COMMENTS = YES;
				CLANG_WARN_EMPTY_BODY = YES;
				CLANG_WARN_ENUM_CONVERSION = YES;
				CLANG_WARN_INFINITE_RECURSION = YES;
				CLANG_WARN_INT_CONVERSION = YES;
				CLANG_WARN_NON_LITERAL_NULL_CONVERSION = YES;
				CLANG_WARN_OBJC_IMPLICIT_RETAIN_SELF = YES;
				CLANG_WARN_OBJC_LITERAL_CONVERSION = YES;
				CLANG_WARN_OBJC_ROOT_CLASS = YES_ERROR;
				CLANG_WARN_QUOTED_INCLUDE_IN_FRAMEWORK_HEADER = YES;
				CLANG_WARN_RANGE_LOOP_ANALYSIS = YES;
				CLANG_WARN_STRICT_PROTOTYPES = YES;
				CLANG_WARN_SUSPICIOUS_MOVE = YES;
				CLANG_WARN_UNGUARDED_AVAILABILITY = YES_AGGRESSIVE;
				CLANG_WARN_UNREACHABLE_CODE = YES;
				CLANG_WARN__DUPLICATE_METHOD_MATCH = YES;
				COPY_PHASE_STRIP = NO;
				DEBUG_INFORMATION_FORMAT = dwarf;
				ENABLE_STRICT_OBJC_MSGSEND = YES;
				ENABLE_TESTABILITY = YES;
				GCC_C_LANGUAGE_STANDARD = gnu11;
				GCC_DYNAMIC_NO_PIC = NO;
				GCC_NO_COMMON_BLOCKS = YES;
				GCC_OPTIMIZATION_LEVEL = 0;
				GCC_PREPROCESSOR_DEFINITIONS = (
					"DEBUG=1",
					"$(inherited)",
				);
				GCC_WARN_64_TO_32_BIT_CONVERSION = YES;
				GCC_WARN_ABOUT_RETURN_TYPE = YES_ERROR;
				GCC_WARN_UNDECLARED_SELECTOR = YES;
				GCC_WARN_UNINITIALIZED_AUTOS = YES_AGGRESSIVE;
				GCC_WARN_UNUSED_FUNCTION = YES;
				GCC_WARN_UNUSED_VARIABLE = YES;
				IPHONEOS_DEPLOYMENT_TARGET = 16.4;
				MTL_ENABLE_DEBUG_INFO = INCLUDE_SOURCE;
				MTL_FAST_MATH = YES;
				ONLY_ACTIVE_ARCH = YES;
				SDKROOT = iphoneos;
				SWIFT_ACTIVE_COMPILATION_CONDITIONS = DEBUG;
				SWIFT_OPTIMIZATION_LEVEL = "-Onone";
			};
			name = Debug;
		};
		E48705EA2B06257400C231DB /* Release */ = {
			isa = XCBuildConfiguration;
			buildSettings = {
				ALWAYS_SEARCH_USER_PATHS = NO;
				CLANG_ANALYZER_NONNULL = YES;
				CLANG_ANALYZER_NUMBER_OBJECT_CONVERSION = YES_AGGRESSIVE;
				CLANG_CXX_LANGUAGE_STANDARD = "gnu++20";
				CLANG_ENABLE_MODULES = YES;
				CLANG_ENABLE_OBJC_ARC = YES;
				CLANG_ENABLE_OBJC_WEAK = YES;
				CLANG_WARN_BLOCK_CAPTURE_AUTORELEASING = YES;
				CLANG_WARN_BOOL_CONVERSION = YES;
				CLANG_WARN_COMMA = YES;
				CLANG_WARN_CONSTANT_CONVERSION = YES;
				CLANG_WARN_DEPRECATED_OBJC_IMPLEMENTATIONS = YES;
				CLANG_WARN_DIRECT_OBJC_ISA_USAGE = YES_ERROR;
				CLANG_WARN_DOCUMENTATION_COMMENTS = YES;
				CLANG_WARN_EMPTY_BODY = YES;
				CLANG_WARN_ENUM_CONVERSION = YES;
				CLANG_WARN_INFINITE_RECURSION = YES;
				CLANG_WARN_INT_CONVERSION = YES;
				CLANG_WARN_NON_LITERAL_NULL_CONVERSION = YES;
				CLANG_WARN_OBJC_IMPLICIT_RETAIN_SELF = YES;
				CLANG_WARN_OBJC_LITERAL_CONVERSION = YES;
				CLANG_WARN_OBJC_ROOT_CLASS = YES_ERROR;
				CLANG_WARN_QUOTED_INCLUDE_IN_FRAMEWORK_HEADER = YES;
				CLANG_WARN_RANGE_LOOP_ANALYSIS = YES;
				CLANG_WARN_STRICT_PROTOTYPES = YES;
				CLANG_WARN_SUSPICIOUS_MOVE = YES;
				CLANG_WARN_UNGUARDED_AVAILABILITY = YES_AGGRESSIVE;
				CLANG_WARN_UNREACHABLE_CODE = YES;
				CLANG_WARN__DUPLICATE_METHOD_MATCH = YES;
				COPY_PHASE_STRIP = NO;
				DEBUG_INFORMATION_FORMAT = "dwarf-with-dsym";
				ENABLE_NS_ASSERTIONS = NO;
				ENABLE_STRICT_OBJC_MSGSEND = YES;
				GCC_C_LANGUAGE_STANDARD = gnu11;
				GCC_NO_COMMON_BLOCKS = YES;
				GCC_WARN_64_TO_32_BIT_CONVERSION = YES;
				GCC_WARN_ABOUT_RETURN_TYPE = YES_ERROR;
				GCC_WARN_UNDECLARED_SELECTOR = YES;
				GCC_WARN_UNINITIALIZED_AUTOS = YES_AGGRESSIVE;
				GCC_WARN_UNUSED_FUNCTION = YES;
				GCC_WARN_UNUSED_VARIABLE = YES;
				IPHONEOS_DEPLOYMENT_TARGET = 16.4;
				MTL_ENABLE_DEBUG_INFO = NO;
				MTL_FAST_MATH = YES;
				SDKROOT = iphoneos;
				SWIFT_COMPILATION_MODE = wholemodule;
				SWIFT_OPTIMIZATION_LEVEL = "-O";
				VALIDATE_PRODUCT = YES;
			};
			name = Release;
		};
		E48705EC2B06257400C231DB /* Debug */ = {
			isa = XCBuildConfiguration;
			buildSettings = {
				ASSETCATALOG_COMPILER_APPICON_NAME = AppIcon;
				ASSETCATALOG_COMPILER_GLOBAL_ACCENT_COLOR_NAME = AccentColor;
				CODE_SIGN_STYLE = Automatic;
				CURRENT_PROJECT_VERSION = 1;
				DEVELOPMENT_TEAM = 7B98K56955;
				GENERATE_INFOPLIST_FILE = YES;
				INFOPLIST_FILE = EssentialAppJorge/Info.plist;
				INFOPLIST_KEY_UIApplicationSupportsIndirectInputEvents = YES;
				INFOPLIST_KEY_UILaunchStoryboardName = LaunchScreen;
				INFOPLIST_KEY_UIMainStoryboardFile = Main;
				INFOPLIST_KEY_UISupportedInterfaceOrientations = UIInterfaceOrientationPortrait;
				LD_RUNPATH_SEARCH_PATHS = (
					"$(inherited)",
					"@executable_path/Frameworks",
				);
				MARKETING_VERSION = 1.0;
				PRODUCT_BUNDLE_IDENTIFIER = jfuentescasillas.EssentialAppJorge;
				PRODUCT_NAME = "$(TARGET_NAME)";
				SWIFT_EMIT_LOC_STRINGS = YES;
				SWIFT_VERSION = 5.0;
				TARGETED_DEVICE_FAMILY = "1,2";
			};
			name = Debug;
		};
		E48705ED2B06257400C231DB /* Release */ = {
			isa = XCBuildConfiguration;
			buildSettings = {
				ASSETCATALOG_COMPILER_APPICON_NAME = AppIcon;
				ASSETCATALOG_COMPILER_GLOBAL_ACCENT_COLOR_NAME = AccentColor;
				CODE_SIGN_STYLE = Automatic;
				CURRENT_PROJECT_VERSION = 1;
				DEVELOPMENT_TEAM = 7B98K56955;
				GENERATE_INFOPLIST_FILE = YES;
				INFOPLIST_FILE = EssentialAppJorge/Info.plist;
				INFOPLIST_KEY_UIApplicationSupportsIndirectInputEvents = YES;
				INFOPLIST_KEY_UILaunchStoryboardName = LaunchScreen;
				INFOPLIST_KEY_UIMainStoryboardFile = Main;
				INFOPLIST_KEY_UISupportedInterfaceOrientations = UIInterfaceOrientationPortrait;
				LD_RUNPATH_SEARCH_PATHS = (
					"$(inherited)",
					"@executable_path/Frameworks",
				);
				MARKETING_VERSION = 1.0;
				PRODUCT_BUNDLE_IDENTIFIER = jfuentescasillas.EssentialAppJorge;
				PRODUCT_NAME = "$(TARGET_NAME)";
				SWIFT_EMIT_LOC_STRINGS = YES;
				SWIFT_VERSION = 5.0;
				TARGETED_DEVICE_FAMILY = "1,2";
			};
			name = Release;
		};
		E48705EF2B06257400C231DB /* Debug */ = {
			isa = XCBuildConfiguration;
			buildSettings = {
				ALWAYS_EMBED_SWIFT_STANDARD_LIBRARIES = YES;
				BUNDLE_LOADER = "$(TEST_HOST)";
				CODE_SIGN_STYLE = Automatic;
				CURRENT_PROJECT_VERSION = 1;
				DEVELOPMENT_TEAM = 7B98K56955;
				GENERATE_INFOPLIST_FILE = YES;
				IPHONEOS_DEPLOYMENT_TARGET = 16.4;
				MARKETING_VERSION = 1.0;
				PRODUCT_BUNDLE_IDENTIFIER = jfuentescasillas.EssentialAppJorgeTests;
				PRODUCT_NAME = "$(TARGET_NAME)";
				SWIFT_EMIT_LOC_STRINGS = NO;
				SWIFT_VERSION = 5.0;
				TARGETED_DEVICE_FAMILY = "1,2";
				TEST_HOST = "$(BUILT_PRODUCTS_DIR)/EssentialAppJorge.app/$(BUNDLE_EXECUTABLE_FOLDER_PATH)/EssentialAppJorge";
			};
			name = Debug;
		};
		E48705F02B06257400C231DB /* Release */ = {
			isa = XCBuildConfiguration;
			buildSettings = {
				ALWAYS_EMBED_SWIFT_STANDARD_LIBRARIES = YES;
				BUNDLE_LOADER = "$(TEST_HOST)";
				CODE_SIGN_STYLE = Automatic;
				CURRENT_PROJECT_VERSION = 1;
				DEVELOPMENT_TEAM = 7B98K56955;
				GENERATE_INFOPLIST_FILE = YES;
				IPHONEOS_DEPLOYMENT_TARGET = 16.4;
				MARKETING_VERSION = 1.0;
				PRODUCT_BUNDLE_IDENTIFIER = jfuentescasillas.EssentialAppJorgeTests;
				PRODUCT_NAME = "$(TARGET_NAME)";
				SWIFT_EMIT_LOC_STRINGS = NO;
				SWIFT_VERSION = 5.0;
				TARGETED_DEVICE_FAMILY = "1,2";
				TEST_HOST = "$(BUILT_PRODUCTS_DIR)/EssentialAppJorge.app/$(BUNDLE_EXECUTABLE_FOLDER_PATH)/EssentialAppJorge";
			};
			name = Release;
		};
		E48705F22B06257400C231DB /* Debug */ = {
			isa = XCBuildConfiguration;
			buildSettings = {
				ALWAYS_EMBED_SWIFT_STANDARD_LIBRARIES = YES;
				CODE_SIGN_STYLE = Automatic;
				CURRENT_PROJECT_VERSION = 1;
				DEVELOPMENT_TEAM = 7B98K56955;
				GENERATE_INFOPLIST_FILE = YES;
				MARKETING_VERSION = 1.0;
				PRODUCT_BUNDLE_IDENTIFIER = jfuentescasillas.EssentialAppJorgeUITests;
				PRODUCT_NAME = "$(TARGET_NAME)";
				SWIFT_EMIT_LOC_STRINGS = NO;
				SWIFT_VERSION = 5.0;
				TARGETED_DEVICE_FAMILY = "1,2";
				TEST_TARGET_NAME = EssentialAppJorge;
			};
			name = Debug;
		};
		E48705F32B06257400C231DB /* Release */ = {
			isa = XCBuildConfiguration;
			buildSettings = {
				ALWAYS_EMBED_SWIFT_STANDARD_LIBRARIES = YES;
				CODE_SIGN_STYLE = Automatic;
				CURRENT_PROJECT_VERSION = 1;
				DEVELOPMENT_TEAM = 7B98K56955;
				GENERATE_INFOPLIST_FILE = YES;
				MARKETING_VERSION = 1.0;
				PRODUCT_BUNDLE_IDENTIFIER = jfuentescasillas.EssentialAppJorgeUITests;
				PRODUCT_NAME = "$(TARGET_NAME)";
				SWIFT_EMIT_LOC_STRINGS = NO;
				SWIFT_VERSION = 5.0;
				TARGETED_DEVICE_FAMILY = "1,2";
				TEST_TARGET_NAME = EssentialAppJorge;
			};
			name = Release;
		};
/* End XCBuildConfiguration section */

/* Begin XCConfigurationList section */
		E48705BC2B06257400C231DB /* Build configuration list for PBXProject "EssentialAppJorge" */ = {
			isa = XCConfigurationList;
			buildConfigurations = (
				E48705E92B06257400C231DB /* Debug */,
				E48705EA2B06257400C231DB /* Release */,
			);
			defaultConfigurationIsVisible = 0;
			defaultConfigurationName = Release;
		};
		E48705EB2B06257400C231DB /* Build configuration list for PBXNativeTarget "EssentialAppJorge" */ = {
			isa = XCConfigurationList;
			buildConfigurations = (
				E48705EC2B06257400C231DB /* Debug */,
				E48705ED2B06257400C231DB /* Release */,
			);
			defaultConfigurationIsVisible = 0;
			defaultConfigurationName = Release;
		};
		E48705EE2B06257400C231DB /* Build configuration list for PBXNativeTarget "EssentialAppJorgeTests" */ = {
			isa = XCConfigurationList;
			buildConfigurations = (
				E48705EF2B06257400C231DB /* Debug */,
				E48705F02B06257400C231DB /* Release */,
			);
			defaultConfigurationIsVisible = 0;
			defaultConfigurationName = Release;
		};
		E48705F12B06257400C231DB /* Build configuration list for PBXNativeTarget "EssentialAppJorgeUITests" */ = {
			isa = XCConfigurationList;
			buildConfigurations = (
				E48705F22B06257400C231DB /* Debug */,
				E48705F32B06257400C231DB /* Release */,
			);
			defaultConfigurationIsVisible = 0;
			defaultConfigurationName = Release;
		};
/* End XCConfigurationList section */
	};
	rootObject = E48705B92B06257400C231DB /* Project object */;
}
